{
  "object": {
    "pins": [
      {
        "package": "Operadics",
        "repositoryURL": "https://github.com/tcldr/Operadics.git",
        "state": {
          "branch": "swift-4",
          "revision": "56028a5dd6374db7606db72509d5bb607dbfeb5a",
          "version": null
        }
      }
    ]
  },
  "version": 1
}
