// !$*UTF8*$!
{
	archiveVersion = 1;
	classes = {
	};
	objectVersion = 46;
	objects = {

/* Begin PBXBuildFile section */
		8216BAB71B97775100A0D282 /* ComplexSpec.swift in Sources */ = {isa = PBXBuildFile; fileRef = 8216BAB61B97775100A0D282 /* ComplexSpec.swift */; };
		8216BAB81B97775100A0D282 /* ComplexSpec.swift in Sources */ = {isa = PBXBuildFile; fileRef = 8216BAB61B97775100A0D282 /* ComplexSpec.swift */; };
		821B76CD1BC4449300AF97D6 /* FailureSpec.swift in Sources */ = {isa = PBXBuildFile; fileRef = 821B76CC1BC4449300AF97D6 /* FailureSpec.swift */; };
		821B76CE1BC4449300AF97D6 /* FailureSpec.swift in Sources */ = {isa = PBXBuildFile; fileRef = 821B76CC1BC4449300AF97D6 /* FailureSpec.swift */; };
		827749F81B65ABCC00A7965F /* Witness.swift in Sources */ = {isa = PBXBuildFile; fileRef = 827749F71B65ABCC00A7965F /* Witness.swift */; };
		827749F91B65ABCC00A7965F /* Witness.swift in Sources */ = {isa = PBXBuildFile; fileRef = 827749F71B65ABCC00A7965F /* Witness.swift */; };
		82A6679F1BFD299500EBCDFA /* ReplaySpec.swift in Sources */ = {isa = PBXBuildFile; fileRef = 82A6679E1BFD299500EBCDFA /* ReplaySpec.swift */; };
		82A667A01BFD299500EBCDFA /* ReplaySpec.swift in Sources */ = {isa = PBXBuildFile; fileRef = 82A6679E1BFD299500EBCDFA /* ReplaySpec.swift */; };
		82DD8EEC1B4CC88C00B66551 /* Operators.swift in Sources */ = {isa = PBXBuildFile; fileRef = 82DD8EEB1B4CC88C00B66551 /* Operators.swift */; };
		82DD8EED1B4CC88C00B66551 /* Operators.swift in Sources */ = {isa = PBXBuildFile; fileRef = 82DD8EEB1B4CC88C00B66551 /* Operators.swift */; };
		841408BB1B1A85A900BA2B6C /* SwiftCheck.framework in CopyFiles */ = {isa = PBXBuildFile; fileRef = 84DF75F81B0BD54600C912B0 /* SwiftCheck.framework */; settings = {ATTRIBUTES = (CodeSignOnCopy, RemoveHeadersOnCopy, ); }; };
		842015111AF5C91C00F1F3CD /* Lattice.swift in Sources */ = {isa = PBXBuildFile; fileRef = 842015101AF5C91C00F1F3CD /* Lattice.swift */; };
		8445C4A31B16897200280089 /* DiscardSpec.swift in Sources */ = {isa = PBXBuildFile; fileRef = 84572C201A6DBA1C00241F68 /* DiscardSpec.swift */; };
		8445C4A41B16897200280089 /* ModifierSpec.swift in Sources */ = {isa = PBXBuildFile; fileRef = 8480AB2C1A7B0A9700C6162D /* ModifierSpec.swift */; };
		8445C4A51B16897200280089 /* BooleanIdentitySpec.swift in Sources */ = {isa = PBXBuildFile; fileRef = 848076671AF5D6A100CBE3EF /* BooleanIdentitySpec.swift */; };
		8445C4AA1B16D37800280089 /* GenSpec.swift in Sources */ = {isa = PBXBuildFile; fileRef = 8445C4A91B16D37800280089 /* GenSpec.swift */; };
		8445C4AB1B16D37800280089 /* GenSpec.swift in Sources */ = {isa = PBXBuildFile; fileRef = 8445C4A91B16D37800280089 /* GenSpec.swift */; };
		8445C4AD1B17E48300280089 /* ShrinkSpec.swift in Sources */ = {isa = PBXBuildFile; fileRef = 8445C4AC1B17E48300280089 /* ShrinkSpec.swift */; };
		8445C4AE1B17E48300280089 /* ShrinkSpec.swift in Sources */ = {isa = PBXBuildFile; fileRef = 8445C4AC1B17E48300280089 /* ShrinkSpec.swift */; };
		844FCC93198B320500EB242A /* SwiftCheck.h in Headers */ = {isa = PBXBuildFile; fileRef = 844FCC92198B320500EB242A /* SwiftCheck.h */; settings = {ATTRIBUTES = (Public, ); }; };
		844FCC99198B320500EB242A /* SwiftCheck.framework in Frameworks */ = {isa = PBXBuildFile; fileRef = 844FCC8D198B320500EB242A /* SwiftCheck.framework */; };
		844FCCAA198B323800EB242A /* Arbitrary.swift in Sources */ = {isa = PBXBuildFile; fileRef = 844FCCA9198B323800EB242A /* Arbitrary.swift */; };
		844FCCAC198B32DC00EB242A /* Gen.swift in Sources */ = {isa = PBXBuildFile; fileRef = 844FCCAB198B32DC00EB242A /* Gen.swift */; };
		844FCCAE198B367000EB242A /* Property.swift in Sources */ = {isa = PBXBuildFile; fileRef = 844FCCAD198B367000EB242A /* Property.swift */; };
		844FCCB0198B36BE00EB242A /* Test.swift in Sources */ = {isa = PBXBuildFile; fileRef = 844FCCAF198B36BE00EB242A /* Test.swift */; };
		844FCCB4198B39F300EB242A /* State.swift in Sources */ = {isa = PBXBuildFile; fileRef = 844FCCB3198B39F300EB242A /* State.swift */; };
		844FCCC3198EC4F000EB242A /* Random.swift in Sources */ = {isa = PBXBuildFile; fileRef = 844FCCC2198EC4F000EB242A /* Random.swift */; };
		844FCCC7198EFB4700EB242A /* Rose.swift in Sources */ = {isa = PBXBuildFile; fileRef = 844FCCC6198EFB4700EB242A /* Rose.swift */; };
		844FCCC9198EFF9B00EB242A /* SimpleSpec.swift in Sources */ = {isa = PBXBuildFile; fileRef = 844FCCC8198EFF9B00EB242A /* SimpleSpec.swift */; };
		8450D24A1AF8003800095EF6 /* TestOperators.swift in Sources */ = {isa = PBXBuildFile; fileRef = 8450D2491AF8003700095EF6 /* TestOperators.swift */; };
		84572C251A6DBAA800241F68 /* Check.swift in Sources */ = {isa = PBXBuildFile; fileRef = 84572C241A6DBAA800241F68 /* Check.swift */; };
		84572C2B1A6DBABA00241F68 /* Testable.swift in Sources */ = {isa = PBXBuildFile; fileRef = 84572C2A1A6DBABA00241F68 /* Testable.swift */; };
		84B9E4A71B3A0EB900C8739E /* TestSpec.swift in Sources */ = {isa = PBXBuildFile; fileRef = 84B9E4A61B3A0EB900C8739E /* TestSpec.swift */; };
		84B9E4A81B3A0EB900C8739E /* TestSpec.swift in Sources */ = {isa = PBXBuildFile; fileRef = 84B9E4A61B3A0EB900C8739E /* TestSpec.swift */; };
		84DF76031B0BD54600C912B0 /* SwiftCheck.framework in Frameworks */ = {isa = PBXBuildFile; fileRef = 84DF75F81B0BD54600C912B0 /* SwiftCheck.framework */; };
		84DF76111B0BD58100C912B0 /* Arbitrary.swift in Sources */ = {isa = PBXBuildFile; fileRef = 844FCCA9198B323800EB242A /* Arbitrary.swift */; };
		84DF76121B0BD58100C912B0 /* Check.swift in Sources */ = {isa = PBXBuildFile; fileRef = 84572C241A6DBAA800241F68 /* Check.swift */; };
		84DF76141B0BD58100C912B0 /* Gen.swift in Sources */ = {isa = PBXBuildFile; fileRef = 844FCCAB198B32DC00EB242A /* Gen.swift */; };
		84DF76151B0BD58100C912B0 /* Lattice.swift in Sources */ = {isa = PBXBuildFile; fileRef = 842015101AF5C91C00F1F3CD /* Lattice.swift */; };
		84DF76161B0BD58100C912B0 /* Modifiers.swift in Sources */ = {isa = PBXBuildFile; fileRef = 84F2C4F61A7AD43F00316E5F /* Modifiers.swift */; };
		84DF76171B0BD58100C912B0 /* TestOperators.swift in Sources */ = {isa = PBXBuildFile; fileRef = 8450D2491AF8003700095EF6 /* TestOperators.swift */; };
		84DF76181B0BD58100C912B0 /* Property.swift in Sources */ = {isa = PBXBuildFile; fileRef = 844FCCAD198B367000EB242A /* Property.swift */; };
		84DF76191B0BD58100C912B0 /* Random.swift in Sources */ = {isa = PBXBuildFile; fileRef = 844FCCC2198EC4F000EB242A /* Random.swift */; };
		84DF761A1B0BD58100C912B0 /* Rose.swift in Sources */ = {isa = PBXBuildFile; fileRef = 844FCCC6198EFB4700EB242A /* Rose.swift */; };
		84DF761B1B0BD58100C912B0 /* State.swift in Sources */ = {isa = PBXBuildFile; fileRef = 844FCCB3198B39F300EB242A /* State.swift */; };
		84DF761C1B0BD58100C912B0 /* Test.swift in Sources */ = {isa = PBXBuildFile; fileRef = 844FCCAF198B36BE00EB242A /* Test.swift */; };
		84DF761D1B0BD58100C912B0 /* Testable.swift in Sources */ = {isa = PBXBuildFile; fileRef = 84572C2A1A6DBABA00241F68 /* Testable.swift */; };
		84DF761E1B0BD58900C912B0 /* SimpleSpec.swift in Sources */ = {isa = PBXBuildFile; fileRef = 844FCCC8198EFF9B00EB242A /* SimpleSpec.swift */; };
		84DF761F1B0BD58900C912B0 /* DiscardSpec.swift in Sources */ = {isa = PBXBuildFile; fileRef = 84572C201A6DBA1C00241F68 /* DiscardSpec.swift */; };
		84DF76201B0BD58900C912B0 /* ModifierSpec.swift in Sources */ = {isa = PBXBuildFile; fileRef = 8480AB2C1A7B0A9700C6162D /* ModifierSpec.swift */; };
		84DF76211B0BD58900C912B0 /* BooleanIdentitySpec.swift in Sources */ = {isa = PBXBuildFile; fileRef = 848076671AF5D6A100CBE3EF /* BooleanIdentitySpec.swift */; };
		84DF76241B0BD99900C912B0 /* SwiftCheck.h in Headers */ = {isa = PBXBuildFile; fileRef = 844FCC92198B320500EB242A /* SwiftCheck.h */; settings = {ATTRIBUTES = (Public, ); }; };
		84EA2C391B2287200001FB3F /* PropertySpec.swift in Sources */ = {isa = PBXBuildFile; fileRef = 84EA2C381B2287200001FB3F /* PropertySpec.swift */; };
		84EA2C3A1B2287200001FB3F /* PropertySpec.swift in Sources */ = {isa = PBXBuildFile; fileRef = 84EA2C381B2287200001FB3F /* PropertySpec.swift */; };
		84F2C4F71A7AD43F00316E5F /* Modifiers.swift in Sources */ = {isa = PBXBuildFile; fileRef = 84F2C4F61A7AD43F00316E5F /* Modifiers.swift */; };
		D46395B61B1A94D200AA1B65 /* Equatable.swift in Sources */ = {isa = PBXBuildFile; fileRef = D46395B51B1A94D200AA1B65 /* Equatable.swift */; };
		D46395B71B1A94D200AA1B65 /* Equatable.swift in Sources */ = {isa = PBXBuildFile; fileRef = D46395B51B1A94D200AA1B65 /* Equatable.swift */; };
/* End PBXBuildFile section */

/* Begin PBXContainerItemProxy section */
		844FCC9A198B320500EB242A /* PBXContainerItemProxy */ = {
			isa = PBXContainerItemProxy;
			containerPortal = 844FCC84198B320500EB242A /* Project object */;
			proxyType = 1;
			remoteGlobalIDString = 844FCC8C198B320500EB242A;
			remoteInfo = SwiftCheck;
		};
		84DF76041B0BD54600C912B0 /* PBXContainerItemProxy */ = {
			isa = PBXContainerItemProxy;
			containerPortal = 844FCC84198B320500EB242A /* Project object */;
			proxyType = 1;
			remoteGlobalIDString = 84DF75F71B0BD54600C912B0;
			remoteInfo = "SwiftCheck-iOS";
		};
/* End PBXContainerItemProxy section */

/* Begin PBXCopyFilesBuildPhase section */
		841408BA1B1A859B00BA2B6C /* CopyFiles */ = {
			isa = PBXCopyFilesBuildPhase;
			buildActionMask = 2147483647;
			dstPath = "";
			dstSubfolderSpec = 10;
			files = (
				841408BB1B1A85A900BA2B6C /* SwiftCheck.framework in CopyFiles */,
			);
			runOnlyForDeploymentPostprocessing = 0;
		};
/* End PBXCopyFilesBuildPhase section */

/* Begin PBXFileReference section */
		8216BAB61B97775100A0D282 /* ComplexSpec.swift */ = {isa = PBXFileReference; fileEncoding = 4; lastKnownFileType = sourcecode.swift; path = ComplexSpec.swift; sourceTree = "<group>"; };
		821B76CC1BC4449300AF97D6 /* FailureSpec.swift */ = {isa = PBXFileReference; fileEncoding = 4; lastKnownFileType = sourcecode.swift; path = FailureSpec.swift; sourceTree = "<group>"; };
		827749F71B65ABCC00A7965F /* Witness.swift */ = {isa = PBXFileReference; fileEncoding = 4; lastKnownFileType = sourcecode.swift; path = Witness.swift; sourceTree = "<group>"; usesTabs = 1; };
		82A6679E1BFD299500EBCDFA /* ReplaySpec.swift */ = {isa = PBXFileReference; fileEncoding = 4; lastKnownFileType = sourcecode.swift; path = ReplaySpec.swift; sourceTree = "<group>"; };
		82DD8EEB1B4CC88C00B66551 /* Operators.swift */ = {isa = PBXFileReference; fileEncoding = 4; lastKnownFileType = sourcecode.swift; name = Operators.swift; path = Carthage/Checkouts/Operadics/Operators.swift; sourceTree = SOURCE_ROOT; usesTabs = 1; };
		842015101AF5C91C00F1F3CD /* Lattice.swift */ = {isa = PBXFileReference; fileEncoding = 4; lastKnownFileType = sourcecode.swift; path = Lattice.swift; sourceTree = "<group>"; usesTabs = 1; };
		8445C4A91B16D37800280089 /* GenSpec.swift */ = {isa = PBXFileReference; fileEncoding = 4; lastKnownFileType = sourcecode.swift; path = GenSpec.swift; sourceTree = "<group>"; usesTabs = 1; };
		8445C4AC1B17E48300280089 /* ShrinkSpec.swift */ = {isa = PBXFileReference; fileEncoding = 4; lastKnownFileType = sourcecode.swift; path = ShrinkSpec.swift; sourceTree = "<group>"; usesTabs = 1; };
		844FCC8D198B320500EB242A /* SwiftCheck.framework */ = {isa = PBXFileReference; explicitFileType = wrapper.framework; includeInIndex = 0; path = SwiftCheck.framework; sourceTree = BUILT_PRODUCTS_DIR; };
		844FCC91198B320500EB242A /* Info.plist */ = {isa = PBXFileReference; lastKnownFileType = text.plist.xml; path = Info.plist; sourceTree = "<group>"; };
		844FCC92198B320500EB242A /* SwiftCheck.h */ = {isa = PBXFileReference; lastKnownFileType = sourcecode.c.h; name = SwiftCheck.h; path = SwiftCheck/SwiftCheck.h; sourceTree = "<group>"; usesTabs = 1; };
		844FCC98198B320500EB242A /* SwiftCheckTests.xctest */ = {isa = PBXFileReference; explicitFileType = wrapper.cfbundle; includeInIndex = 0; path = SwiftCheckTests.xctest; sourceTree = BUILT_PRODUCTS_DIR; };
		844FCC9E198B320500EB242A /* Info.plist */ = {isa = PBXFileReference; lastKnownFileType = text.plist.xml; path = Info.plist; sourceTree = "<group>"; };
		844FCCA9198B323800EB242A /* Arbitrary.swift */ = {isa = PBXFileReference; fileEncoding = 4; lastKnownFileType = sourcecode.swift; path = Arbitrary.swift; sourceTree = "<group>"; usesTabs = 1; };
		844FCCAB198B32DC00EB242A /* Gen.swift */ = {isa = PBXFileReference; fileEncoding = 4; lastKnownFileType = sourcecode.swift; path = Gen.swift; sourceTree = "<group>"; usesTabs = 1; };
		844FCCAD198B367000EB242A /* Property.swift */ = {isa = PBXFileReference; fileEncoding = 4; lastKnownFileType = sourcecode.swift; path = Property.swift; sourceTree = "<group>"; usesTabs = 1; };
		844FCCAF198B36BE00EB242A /* Test.swift */ = {isa = PBXFileReference; fileEncoding = 4; lastKnownFileType = sourcecode.swift; path = Test.swift; sourceTree = "<group>"; usesTabs = 1; };
		844FCCB3198B39F300EB242A /* State.swift */ = {isa = PBXFileReference; fileEncoding = 4; lastKnownFileType = sourcecode.swift; path = State.swift; sourceTree = "<group>"; usesTabs = 1; };
		844FCCC2198EC4F000EB242A /* Random.swift */ = {isa = PBXFileReference; fileEncoding = 4; lastKnownFileType = sourcecode.swift; path = Random.swift; sourceTree = "<group>"; usesTabs = 1; };
		844FCCC6198EFB4700EB242A /* Rose.swift */ = {isa = PBXFileReference; fileEncoding = 4; lastKnownFileType = sourcecode.swift; path = Rose.swift; sourceTree = "<group>"; usesTabs = 1; };
		844FCCC8198EFF9B00EB242A /* SimpleSpec.swift */ = {isa = PBXFileReference; fileEncoding = 4; lastKnownFileType = sourcecode.swift; path = SimpleSpec.swift; sourceTree = "<group>"; usesTabs = 1; };
		8450D2491AF8003700095EF6 /* TestOperators.swift */ = {isa = PBXFileReference; fileEncoding = 4; lastKnownFileType = sourcecode.swift; path = TestOperators.swift; sourceTree = "<group>"; usesTabs = 1; };
		84572C201A6DBA1C00241F68 /* DiscardSpec.swift */ = {isa = PBXFileReference; fileEncoding = 4; lastKnownFileType = sourcecode.swift; path = DiscardSpec.swift; sourceTree = "<group>"; usesTabs = 1; };
		84572C241A6DBAA800241F68 /* Check.swift */ = {isa = PBXFileReference; fileEncoding = 4; lastKnownFileType = sourcecode.swift; path = Check.swift; sourceTree = "<group>"; usesTabs = 1; };
		84572C2A1A6DBABA00241F68 /* Testable.swift */ = {isa = PBXFileReference; fileEncoding = 4; lastKnownFileType = sourcecode.swift; path = Testable.swift; sourceTree = "<group>"; usesTabs = 1; };
		848076671AF5D6A100CBE3EF /* BooleanIdentitySpec.swift */ = {isa = PBXFileReference; fileEncoding = 4; lastKnownFileType = sourcecode.swift; path = BooleanIdentitySpec.swift; sourceTree = "<group>"; usesTabs = 1; };
		8480AB2C1A7B0A9700C6162D /* ModifierSpec.swift */ = {isa = PBXFileReference; fileEncoding = 4; lastKnownFileType = sourcecode.swift; path = ModifierSpec.swift; sourceTree = "<group>"; usesTabs = 1; };
		84B9E4A61B3A0EB900C8739E /* TestSpec.swift */ = {isa = PBXFileReference; fileEncoding = 4; lastKnownFileType = sourcecode.swift; path = TestSpec.swift; sourceTree = "<group>"; usesTabs = 1; };
		84DF75F81B0BD54600C912B0 /* SwiftCheck.framework */ = {isa = PBXFileReference; explicitFileType = wrapper.framework; includeInIndex = 0; path = SwiftCheck.framework; sourceTree = BUILT_PRODUCTS_DIR; };
		84DF76021B0BD54600C912B0 /* SwiftCheck-iOSTests.xctest */ = {isa = PBXFileReference; explicitFileType = wrapper.cfbundle; includeInIndex = 0; path = "SwiftCheck-iOSTests.xctest"; sourceTree = BUILT_PRODUCTS_DIR; };
		84EA2C381B2287200001FB3F /* PropertySpec.swift */ = {isa = PBXFileReference; fileEncoding = 4; lastKnownFileType = sourcecode.swift; path = PropertySpec.swift; sourceTree = "<group>"; usesTabs = 1; };
		84F2C4F61A7AD43F00316E5F /* Modifiers.swift */ = {isa = PBXFileReference; fileEncoding = 4; lastKnownFileType = sourcecode.swift; path = Modifiers.swift; sourceTree = "<group>"; usesTabs = 1; };
		D46395B51B1A94D200AA1B65 /* Equatable.swift */ = {isa = PBXFileReference; fileEncoding = 4; lastKnownFileType = sourcecode.swift; path = Equatable.swift; sourceTree = "<group>"; usesTabs = 1; };
/* End PBXFileReference section */

/* Begin PBXFrameworksBuildPhase section */
		844FCC89198B320500EB242A /* Frameworks */ = {
			isa = PBXFrameworksBuildPhase;
			buildActionMask = 2147483647;
			files = (
			);
			runOnlyForDeploymentPostprocessing = 0;
		};
		844FCC95198B320500EB242A /* Frameworks */ = {
			isa = PBXFrameworksBuildPhase;
			buildActionMask = 2147483647;
			files = (
				844FCC99198B320500EB242A /* SwiftCheck.framework in Frameworks */,
			);
			runOnlyForDeploymentPostprocessing = 0;
		};
		84DF75F41B0BD54600C912B0 /* Frameworks */ = {
			isa = PBXFrameworksBuildPhase;
			buildActionMask = 2147483647;
			files = (
			);
			runOnlyForDeploymentPostprocessing = 0;
		};
		84DF75FF1B0BD54600C912B0 /* Frameworks */ = {
			isa = PBXFrameworksBuildPhase;
			buildActionMask = 2147483647;
			files = (
				84DF76031B0BD54600C912B0 /* SwiftCheck.framework in Frameworks */,
			);
			runOnlyForDeploymentPostprocessing = 0;
		};
/* End PBXFrameworksBuildPhase section */

/* Begin PBXGroup section */
		844FCC83198B320500EB242A = {
			isa = PBXGroup;
			children = (
				844FCC92198B320500EB242A /* SwiftCheck.h */,
				844FCC8F198B320500EB242A /* SwiftCheck */,
				844FCC9C198B320500EB242A /* SwiftCheckTests */,
				844FCC8E198B320500EB242A /* Products */,
			);
			sourceTree = "<group>";
		};
		844FCC8E198B320500EB242A /* Products */ = {
			isa = PBXGroup;
			children = (
				844FCC8D198B320500EB242A /* SwiftCheck.framework */,
				844FCC98198B320500EB242A /* SwiftCheckTests.xctest */,
				84DF75F81B0BD54600C912B0 /* SwiftCheck.framework */,
				84DF76021B0BD54600C912B0 /* SwiftCheck-iOSTests.xctest */,
			);
			name = Products;
			sourceTree = "<group>";
		};
		844FCC8F198B320500EB242A /* SwiftCheck */ = {
			isa = PBXGroup;
			children = (
				844FCCA9198B323800EB242A /* Arbitrary.swift */,
				84572C241A6DBAA800241F68 /* Check.swift */,
				844FCCAB198B32DC00EB242A /* Gen.swift */,
				842015101AF5C91C00F1F3CD /* Lattice.swift */,
				84F2C4F61A7AD43F00316E5F /* Modifiers.swift */,
				82DD8EEB1B4CC88C00B66551 /* Operators.swift */,
				844FCCAD198B367000EB242A /* Property.swift */,
				844FCCC2198EC4F000EB242A /* Random.swift */,
				844FCCC6198EFB4700EB242A /* Rose.swift */,
				844FCCB3198B39F300EB242A /* State.swift */,
				844FCCAF198B36BE00EB242A /* Test.swift */,
				84572C2A1A6DBABA00241F68 /* Testable.swift */,
				8450D2491AF8003700095EF6 /* TestOperators.swift */,
				827749F71B65ABCC00A7965F /* Witness.swift */,
				D46395B51B1A94D200AA1B65 /* Equatable.swift */,
				844FCC90198B320500EB242A /* Supporting Files */,
			);
			path = SwiftCheck;
			sourceTree = "<group>";
		};
		844FCC90198B320500EB242A /* Supporting Files */ = {
			isa = PBXGroup;
			children = (
				844FCC91198B320500EB242A /* Info.plist */,
			);
			name = "Supporting Files";
			sourceTree = "<group>";
		};
		844FCC9C198B320500EB242A /* SwiftCheckTests */ = {
			isa = PBXGroup;
			children = (
				848076671AF5D6A100CBE3EF /* BooleanIdentitySpec.swift */,
				8216BAB61B97775100A0D282 /* ComplexSpec.swift */,
				84572C201A6DBA1C00241F68 /* DiscardSpec.swift */,
				821B76CC1BC4449300AF97D6 /* FailureSpec.swift */,
				8445C4A91B16D37800280089 /* GenSpec.swift */,
				84EA2C381B2287200001FB3F /* PropertySpec.swift */,
				8480AB2C1A7B0A9700C6162D /* ModifierSpec.swift */,
				82A6679E1BFD299500EBCDFA /* ReplaySpec.swift */,
				8445C4AC1B17E48300280089 /* ShrinkSpec.swift */,
				844FCCC8198EFF9B00EB242A /* SimpleSpec.swift */,
				84B9E4A61B3A0EB900C8739E /* TestSpec.swift */,
				844FCC9D198B320500EB242A /* Supporting Files */,
			);
			path = SwiftCheckTests;
			sourceTree = "<group>";
		};
		844FCC9D198B320500EB242A /* Supporting Files */ = {
			isa = PBXGroup;
			children = (
				844FCC9E198B320500EB242A /* Info.plist */,
			);
			name = "Supporting Files";
			sourceTree = "<group>";
		};
/* End PBXGroup section */

/* Begin PBXHeadersBuildPhase section */
		844FCC8A198B320500EB242A /* Headers */ = {
			isa = PBXHeadersBuildPhase;
			buildActionMask = 2147483647;
			files = (
				844FCC93198B320500EB242A /* SwiftCheck.h in Headers */,
			);
			runOnlyForDeploymentPostprocessing = 0;
		};
		84DF75F51B0BD54600C912B0 /* Headers */ = {
			isa = PBXHeadersBuildPhase;
			buildActionMask = 2147483647;
			files = (
				84DF76241B0BD99900C912B0 /* SwiftCheck.h in Headers */,
			);
			runOnlyForDeploymentPostprocessing = 0;
		};
/* End PBXHeadersBuildPhase section */

/* Begin PBXNativeTarget section */
		844FCC8C198B320500EB242A /* SwiftCheck */ = {
			isa = PBXNativeTarget;
			buildConfigurationList = 844FCCA3198B320500EB242A /* Build configuration list for PBXNativeTarget "SwiftCheck" */;
			buildPhases = (
				844FCC88198B320500EB242A /* Sources */,
				844FCC89198B320500EB242A /* Frameworks */,
				844FCC8A198B320500EB242A /* Headers */,
				844FCC8B198B320500EB242A /* Resources */,
			);
			buildRules = (
			);
			dependencies = (
			);
			name = SwiftCheck;
			productName = SwiftCheck;
			productReference = 844FCC8D198B320500EB242A /* SwiftCheck.framework */;
			productType = "com.apple.product-type.framework";
		};
		844FCC97198B320500EB242A /* SwiftCheckTests */ = {
			isa = PBXNativeTarget;
			buildConfigurationList = 844FCCA6198B320500EB242A /* Build configuration list for PBXNativeTarget "SwiftCheckTests" */;
			buildPhases = (
				844FCC94198B320500EB242A /* Sources */,
				844FCC95198B320500EB242A /* Frameworks */,
				844FCC96198B320500EB242A /* Resources */,
			);
			buildRules = (
			);
			dependencies = (
				844FCC9B198B320500EB242A /* PBXTargetDependency */,
			);
			name = SwiftCheckTests;
			productName = SwiftCheckTests;
			productReference = 844FCC98198B320500EB242A /* SwiftCheckTests.xctest */;
			productType = "com.apple.product-type.bundle.unit-test";
		};
		84DF75F71B0BD54600C912B0 /* SwiftCheck-iOS */ = {
			isa = PBXNativeTarget;
			buildConfigurationList = 84DF760B1B0BD54600C912B0 /* Build configuration list for PBXNativeTarget "SwiftCheck-iOS" */;
			buildPhases = (
				84DF75F31B0BD54600C912B0 /* Sources */,
				84DF75F41B0BD54600C912B0 /* Frameworks */,
				84DF75F51B0BD54600C912B0 /* Headers */,
				84DF75F61B0BD54600C912B0 /* Resources */,
			);
			buildRules = (
			);
			dependencies = (
			);
			name = "SwiftCheck-iOS";
			productName = "SwiftCheck-iOS";
			productReference = 84DF75F81B0BD54600C912B0 /* SwiftCheck.framework */;
			productType = "com.apple.product-type.framework";
		};
		84DF76011B0BD54600C912B0 /* SwiftCheck-iOSTests */ = {
			isa = PBXNativeTarget;
			buildConfigurationList = 84DF760E1B0BD54600C912B0 /* Build configuration list for PBXNativeTarget "SwiftCheck-iOSTests" */;
			buildPhases = (
				84DF75FE1B0BD54600C912B0 /* Sources */,
				84DF75FF1B0BD54600C912B0 /* Frameworks */,
				84DF76001B0BD54600C912B0 /* Resources */,
				841408BA1B1A859B00BA2B6C /* CopyFiles */,
			);
			buildRules = (
			);
			dependencies = (
				84DF76051B0BD54600C912B0 /* PBXTargetDependency */,
			);
			name = "SwiftCheck-iOSTests";
			productName = "SwiftCheck-iOSTests";
			productReference = 84DF76021B0BD54600C912B0 /* SwiftCheck-iOSTests.xctest */;
			productType = "com.apple.product-type.bundle.unit-test";
		};
/* End PBXNativeTarget section */

/* Begin PBXProject section */
		844FCC84198B320500EB242A /* Project object */ = {
			isa = PBXProject;
			attributes = {
				LastSwiftUpdateCheck = 0710;
				LastUpgradeCheck = 0700;
				ORGANIZATIONNAME = "Robert Widmann";
				TargetAttributes = {
					844FCC8C198B320500EB242A = {
						CreatedOnToolsVersion = 6.0;
					};
					844FCC97198B320500EB242A = {
						CreatedOnToolsVersion = 6.0;
						TestTargetID = 844FCC8C198B320500EB242A;
					};
					84DF75F71B0BD54600C912B0 = {
						CreatedOnToolsVersion = 6.4;
					};
					84DF76011B0BD54600C912B0 = {
						CreatedOnToolsVersion = 6.4;
					};
				};
			};
			buildConfigurationList = 844FCC87198B320500EB242A /* Build configuration list for PBXProject "SwiftCheck" */;
			compatibilityVersion = "Xcode 3.2";
			developmentRegion = English;
			hasScannedForEncodings = 0;
			knownRegions = (
				en,
			);
			mainGroup = 844FCC83198B320500EB242A;
			productRefGroup = 844FCC8E198B320500EB242A /* Products */;
			projectDirPath = "";
			projectRoot = "";
			targets = (
				844FCC8C198B320500EB242A /* SwiftCheck */,
				844FCC97198B320500EB242A /* SwiftCheckTests */,
				84DF75F71B0BD54600C912B0 /* SwiftCheck-iOS */,
				84DF76011B0BD54600C912B0 /* SwiftCheck-iOSTests */,
			);
		};
/* End PBXProject section */

/* Begin PBXResourcesBuildPhase section */
		844FCC8B198B320500EB242A /* Resources */ = {
			isa = PBXResourcesBuildPhase;
			buildActionMask = 2147483647;
			files = (
			);
			runOnlyForDeploymentPostprocessing = 0;
		};
		844FCC96198B320500EB242A /* Resources */ = {
			isa = PBXResourcesBuildPhase;
			buildActionMask = 2147483647;
			files = (
			);
			runOnlyForDeploymentPostprocessing = 0;
		};
		84DF75F61B0BD54600C912B0 /* Resources */ = {
			isa = PBXResourcesBuildPhase;
			buildActionMask = 2147483647;
			files = (
			);
			runOnlyForDeploymentPostprocessing = 0;
		};
		84DF76001B0BD54600C912B0 /* Resources */ = {
			isa = PBXResourcesBuildPhase;
			buildActionMask = 2147483647;
			files = (
			);
			runOnlyForDeploymentPostprocessing = 0;
		};
/* End PBXResourcesBuildPhase section */

/* Begin PBXSourcesBuildPhase section */
		844FCC88198B320500EB242A /* Sources */ = {
			isa = PBXSourcesBuildPhase;
			buildActionMask = 2147483647;
			files = (
				844FCCAE198B367000EB242A /* Property.swift in Sources */,
				84F2C4F71A7AD43F00316E5F /* Modifiers.swift in Sources */,
				844FCCB0198B36BE00EB242A /* Test.swift in Sources */,
				84572C251A6DBAA800241F68 /* Check.swift in Sources */,
				844FCCC3198EC4F000EB242A /* Random.swift in Sources */,
				844FCCAC198B32DC00EB242A /* Gen.swift in Sources */,
				D46395B61B1A94D200AA1B65 /* Equatable.swift in Sources */,
				842015111AF5C91C00F1F3CD /* Lattice.swift in Sources */,
				84572C2B1A6DBABA00241F68 /* Testable.swift in Sources */,
				82DD8EEC1B4CC88C00B66551 /* Operators.swift in Sources */,
				844FCCAA198B323800EB242A /* Arbitrary.swift in Sources */,
				8450D24A1AF8003800095EF6 /* TestOperators.swift in Sources */,
				844FCCB4198B39F300EB242A /* State.swift in Sources */,
				827749F81B65ABCC00A7965F /* Witness.swift in Sources */,
				844FCCC7198EFB4700EB242A /* Rose.swift in Sources */,
			);
			runOnlyForDeploymentPostprocessing = 0;
		};
		844FCC94198B320500EB242A /* Sources */ = {
			isa = PBXSourcesBuildPhase;
			buildActionMask = 2147483647;
			files = (
				84EA2C391B2287200001FB3F /* PropertySpec.swift in Sources */,
				8445C4A31B16897200280089 /* DiscardSpec.swift in Sources */,
				8445C4AD1B17E48300280089 /* ShrinkSpec.swift in Sources */,
				8445C4AA1B16D37800280089 /* GenSpec.swift in Sources */,
				8216BAB71B97775100A0D282 /* ComplexSpec.swift in Sources */,
				84B9E4A71B3A0EB900C8739E /* TestSpec.swift in Sources */,
				8445C4A41B16897200280089 /* ModifierSpec.swift in Sources */,
				821B76CD1BC4449300AF97D6 /* FailureSpec.swift in Sources */,
				8445C4A51B16897200280089 /* BooleanIdentitySpec.swift in Sources */,
				82A6679F1BFD299500EBCDFA /* ReplaySpec.swift in Sources */,
				844FCCC9198EFF9B00EB242A /* SimpleSpec.swift in Sources */,
			);
			runOnlyForDeploymentPostprocessing = 0;
		};
		84DF75F31B0BD54600C912B0 /* Sources */ = {
			isa = PBXSourcesBuildPhase;
			buildActionMask = 2147483647;
			files = (
				84DF76111B0BD58100C912B0 /* Arbitrary.swift in Sources */,
				84DF76121B0BD58100C912B0 /* Check.swift in Sources */,
				84DF76141B0BD58100C912B0 /* Gen.swift in Sources */,
				84DF76151B0BD58100C912B0 /* Lattice.swift in Sources */,
				84DF76161B0BD58100C912B0 /* Modifiers.swift in Sources */,
				D46395B71B1A94D200AA1B65 /* Equatable.swift in Sources */,
				84DF76171B0BD58100C912B0 /* TestOperators.swift in Sources */,
				84DF76181B0BD58100C912B0 /* Property.swift in Sources */,
				84DF76191B0BD58100C912B0 /* Random.swift in Sources */,
				82DD8EED1B4CC88C00B66551 /* Operators.swift in Sources */,
				84DF761A1B0BD58100C912B0 /* Rose.swift in Sources */,
				84DF761B1B0BD58100C912B0 /* State.swift in Sources */,
				84DF761C1B0BD58100C912B0 /* Test.swift in Sources */,
				827749F91B65ABCC00A7965F /* Witness.swift in Sources */,
				84DF761D1B0BD58100C912B0 /* Testable.swift in Sources */,
			);
			runOnlyForDeploymentPostprocessing = 0;
		};
		84DF75FE1B0BD54600C912B0 /* Sources */ = {
			isa = PBXSourcesBuildPhase;
			buildActionMask = 2147483647;
			files = (
				84EA2C3A1B2287200001FB3F /* PropertySpec.swift in Sources */,
				84DF761E1B0BD58900C912B0 /* SimpleSpec.swift in Sources */,
				8445C4AE1B17E48300280089 /* ShrinkSpec.swift in Sources */,
				8445C4AB1B16D37800280089 /* GenSpec.swift in Sources */,
				8216BAB81B97775100A0D282 /* ComplexSpec.swift in Sources */,
				84B9E4A81B3A0EB900C8739E /* TestSpec.swift in Sources */,
				84DF761F1B0BD58900C912B0 /* DiscardSpec.swift in Sources */,
				821B76CE1BC4449300AF97D6 /* FailureSpec.swift in Sources */,
				84DF76201B0BD58900C912B0 /* ModifierSpec.swift in Sources */,
				82A667A01BFD299500EBCDFA /* ReplaySpec.swift in Sources */,
				84DF76211B0BD58900C912B0 /* BooleanIdentitySpec.swift in Sources */,
			);
			runOnlyForDeploymentPostprocessing = 0;
		};
/* End PBXSourcesBuildPhase section */

/* Begin PBXTargetDependency section */
		844FCC9B198B320500EB242A /* PBXTargetDependency */ = {
			isa = PBXTargetDependency;
			target = 844FCC8C198B320500EB242A /* SwiftCheck */;
			targetProxy = 844FCC9A198B320500EB242A /* PBXContainerItemProxy */;
		};
		84DF76051B0BD54600C912B0 /* PBXTargetDependency */ = {
			isa = PBXTargetDependency;
			target = 84DF75F71B0BD54600C912B0 /* SwiftCheck-iOS */;
			targetProxy = 84DF76041B0BD54600C912B0 /* PBXContainerItemProxy */;
		};
/* End PBXTargetDependency section */

/* Begin XCBuildConfiguration section */
		844FCCA1198B320500EB242A /* Debug */ = {
			isa = XCBuildConfiguration;
			buildSettings = {
				ALWAYS_SEARCH_USER_PATHS = NO;
				CLANG_CXX_LANGUAGE_STANDARD = "gnu++0x";
				CLANG_CXX_LIBRARY = "libc++";
				CLANG_ENABLE_MODULES = YES;
				CLANG_ENABLE_OBJC_ARC = YES;
				CLANG_WARN_BOOL_CONVERSION = YES;
				CLANG_WARN_CONSTANT_CONVERSION = YES;
				CLANG_WARN_DIRECT_OBJC_ISA_USAGE = YES_ERROR;
				CLANG_WARN_EMPTY_BODY = YES;
				CLANG_WARN_ENUM_CONVERSION = YES;
				CLANG_WARN_INT_CONVERSION = YES;
				CLANG_WARN_OBJC_ROOT_CLASS = YES_ERROR;
				CLANG_WARN_UNREACHABLE_CODE = YES;
				CLANG_WARN__DUPLICATE_METHOD_MATCH = YES;
				COPY_PHASE_STRIP = NO;
				CURRENT_PROJECT_VERSION = 1;
				ENABLE_STRICT_OBJC_MSGSEND = YES;
				ENABLE_TESTABILITY = YES;
				GCC_C_LANGUAGE_STANDARD = gnu99;
				GCC_DYNAMIC_NO_PIC = NO;
				GCC_OPTIMIZATION_LEVEL = 0;
				GCC_PREPROCESSOR_DEFINITIONS = (
					"DEBUG=1",
					"$(inherited)",
				);
				GCC_SYMBOLS_PRIVATE_EXTERN = NO;
				GCC_WARN_64_TO_32_BIT_CONVERSION = YES;
				GCC_WARN_ABOUT_RETURN_TYPE = YES_ERROR;
				GCC_WARN_UNDECLARED_SELECTOR = YES;
				GCC_WARN_UNINITIALIZED_AUTOS = YES_AGGRESSIVE;
				GCC_WARN_UNUSED_FUNCTION = YES;
				GCC_WARN_UNUSED_VARIABLE = YES;
				MACOSX_DEPLOYMENT_TARGET = 10.9;
				MTL_ENABLE_DEBUG_INFO = YES;
				ONLY_ACTIVE_ARCH = YES;
				SDKROOT = macosx;
				SWIFT_OPTIMIZATION_LEVEL = "-Onone";
				VERSIONING_SYSTEM = "apple-generic";
				VERSION_INFO_PREFIX = "";
			};
			name = Debug;
		};
		844FCCA2198B320500EB242A /* Release */ = {
			isa = XCBuildConfiguration;
			buildSettings = {
				ALWAYS_SEARCH_USER_PATHS = NO;
				CLANG_CXX_LANGUAGE_STANDARD = "gnu++0x";
				CLANG_CXX_LIBRARY = "libc++";
				CLANG_ENABLE_MODULES = YES;
				CLANG_ENABLE_OBJC_ARC = YES;
				CLANG_WARN_BOOL_CONVERSION = YES;
				CLANG_WARN_CONSTANT_CONVERSION = YES;
				CLANG_WARN_DIRECT_OBJC_ISA_USAGE = YES_ERROR;
				CLANG_WARN_EMPTY_BODY = YES;
				CLANG_WARN_ENUM_CONVERSION = YES;
				CLANG_WARN_INT_CONVERSION = YES;
				CLANG_WARN_OBJC_ROOT_CLASS = YES_ERROR;
				CLANG_WARN_UNREACHABLE_CODE = YES;
				CLANG_WARN__DUPLICATE_METHOD_MATCH = YES;
				COPY_PHASE_STRIP = YES;
				CURRENT_PROJECT_VERSION = 1;
				DEBUG_INFORMATION_FORMAT = "dwarf-with-dsym";
				ENABLE_NS_ASSERTIONS = NO;
				ENABLE_STRICT_OBJC_MSGSEND = YES;
				GCC_C_LANGUAGE_STANDARD = gnu99;
				GCC_WARN_64_TO_32_BIT_CONVERSION = YES;
				GCC_WARN_ABOUT_RETURN_TYPE = YES_ERROR;
				GCC_WARN_UNDECLARED_SELECTOR = YES;
				GCC_WARN_UNINITIALIZED_AUTOS = YES_AGGRESSIVE;
				GCC_WARN_UNUSED_FUNCTION = YES;
				GCC_WARN_UNUSED_VARIABLE = YES;
				MACOSX_DEPLOYMENT_TARGET = 10.9;
				MTL_ENABLE_DEBUG_INFO = NO;
				SDKROOT = macosx;
				VERSIONING_SYSTEM = "apple-generic";
				VERSION_INFO_PREFIX = "";
			};
			name = Release;
		};
		844FCCA4198B320500EB242A /* Debug */ = {
			isa = XCBuildConfiguration;
			buildSettings = {
				CLANG_DEBUG_INFORMATION_LEVEL = default;
				CLANG_ENABLE_MODULES = YES;
				COMBINE_HIDPI_IMAGES = YES;
				DEBUG_INFORMATION_FORMAT = "dwarf-with-dsym";
				DEFINES_MODULE = YES;
				DYLIB_COMPATIBILITY_VERSION = 1;
				DYLIB_CURRENT_VERSION = 1;
				DYLIB_INSTALL_NAME_BASE = "@rpath";
				FRAMEWORK_SEARCH_PATHS = (
					"$(PLATFORM_DIR)/Developer/Library/Frameworks",
					"$(inherited)",
				);
				FRAMEWORK_VERSION = A;
				INFOPLIST_FILE = SwiftCheck/Info.plist;
				INSTALL_PATH = "$(LOCAL_LIBRARY_DIR)/Frameworks";
				LD_RUNPATH_SEARCH_PATHS = "$(inherited) @executable_path/../Frameworks @loader_path/Frameworks";
				OTHER_LDFLAGS = (
					"-framework",
					XCTest,
				);
				OTHER_SWIFT_FLAGS = "";
				PRODUCT_BUNDLE_IDENTIFIER = "com.codafi.$(PRODUCT_NAME:rfc1034identifier)";
				PRODUCT_NAME = "$(TARGET_NAME)";
				SKIP_INSTALL = YES;
				SWIFT_INSTALL_OBJC_HEADER = NO;
				SWIFT_OBJC_INTERFACE_HEADER_NAME = "";
				SWIFT_OPTIMIZATION_LEVEL = "-Onone";
			};
			name = Debug;
		};
		844FCCA5198B320500EB242A /* Release */ = {
			isa = XCBuildConfiguration;
			buildSettings = {
				CLANG_DEBUG_INFORMATION_LEVEL = default;
				CLANG_ENABLE_MODULES = YES;
				COMBINE_HIDPI_IMAGES = YES;
				DEBUG_INFORMATION_FORMAT = "dwarf-with-dsym";
				DEFINES_MODULE = YES;
				DYLIB_COMPATIBILITY_VERSION = 1;
				DYLIB_CURRENT_VERSION = 1;
				DYLIB_INSTALL_NAME_BASE = "@rpath";
				FRAMEWORK_SEARCH_PATHS = (
					"$(PLATFORM_DIR)/Developer/Library/Frameworks",
					"$(inherited)",
				);
				FRAMEWORK_VERSION = A;
				INFOPLIST_FILE = SwiftCheck/Info.plist;
				INSTALL_PATH = "$(LOCAL_LIBRARY_DIR)/Frameworks";
				LD_RUNPATH_SEARCH_PATHS = "$(inherited) @executable_path/../Frameworks @loader_path/Frameworks";
				OTHER_LDFLAGS = (
					"-framework",
					XCTest,
				);
				OTHER_SWIFT_FLAGS = "";
				PRODUCT_BUNDLE_IDENTIFIER = "com.codafi.$(PRODUCT_NAME:rfc1034identifier)";
				PRODUCT_NAME = "$(TARGET_NAME)";
				SKIP_INSTALL = YES;
				SWIFT_INSTALL_OBJC_HEADER = NO;
				SWIFT_OBJC_INTERFACE_HEADER_NAME = "";
			};
			name = Release;
		};
		844FCCA7198B320500EB242A /* Debug */ = {
			isa = XCBuildConfiguration;
			buildSettings = {
				COMBINE_HIDPI_IMAGES = YES;
				FRAMEWORK_SEARCH_PATHS = (
					"$(DEVELOPER_FRAMEWORKS_DIR)",
					"$(inherited)",
				);
				GCC_PREPROCESSOR_DEFINITIONS = (
					"DEBUG=1",
					"$(inherited)",
				);
				INFOPLIST_FILE = SwiftCheckTests/Info.plist;
				LD_RUNPATH_SEARCH_PATHS = "$(inherited) @executable_path/../Frameworks @loader_path/../Frameworks";
				PRODUCT_BUNDLE_IDENTIFIER = "com.codafi.$(PRODUCT_NAME:rfc1034identifier)";
				PRODUCT_NAME = "$(TARGET_NAME)";
			};
			name = Debug;
		};
		844FCCA8198B320500EB242A /* Release */ = {
			isa = XCBuildConfiguration;
			buildSettings = {
				COMBINE_HIDPI_IMAGES = YES;
				FRAMEWORK_SEARCH_PATHS = (
					"$(DEVELOPER_FRAMEWORKS_DIR)",
					"$(inherited)",
				);
				GCC_OPTIMIZATION_LEVEL = s;
				INFOPLIST_FILE = SwiftCheckTests/Info.plist;
				LD_RUNPATH_SEARCH_PATHS = "$(inherited) @executable_path/../Frameworks @loader_path/../Frameworks";
				PRODUCT_BUNDLE_IDENTIFIER = "com.codafi.$(PRODUCT_NAME:rfc1034identifier)";
				PRODUCT_NAME = "$(TARGET_NAME)";
				SWIFT_OPTIMIZATION_LEVEL = "-Owholemodule";
			};
			name = Release;
		};
		84DF760C1B0BD54600C912B0 /* Debug */ = {
			isa = XCBuildConfiguration;
			buildSettings = {
				"CODE_SIGN_IDENTITY[sdk=iphoneos*]" = "iPhone Developer";
				DEBUG_INFORMATION_FORMAT = "dwarf-with-dsym";
				DEFINES_MODULE = YES;
				DYLIB_COMPATIBILITY_VERSION = 1;
				DYLIB_CURRENT_VERSION = 1;
				DYLIB_INSTALL_NAME_BASE = "@rpath";
				FRAMEWORK_SEARCH_PATHS = (
					"$(PLATFORM_DIR)/Developer/Library/Frameworks",
					"$(inherited)",
				);
				GCC_NO_COMMON_BLOCKS = YES;
				GCC_PREPROCESSOR_DEFINITIONS = (
					"DEBUG=1",
					"$(inherited)",
				);
				INFOPLIST_FILE = SwiftCheck/Info.plist;
				INSTALL_PATH = "$(LOCAL_LIBRARY_DIR)/Frameworks";
				IPHONEOS_DEPLOYMENT_TARGET = 8.0;
				LD_RUNPATH_SEARCH_PATHS = "$(inherited) @executable_path/Frameworks @loader_path/Frameworks";
				OTHER_SWIFT_FLAGS = "";
				PRODUCT_BUNDLE_IDENTIFIER = "com.codafi.$(PRODUCT_NAME:rfc1034identifier)";
				PRODUCT_NAME = SwiftCheck;
				SDKROOT = iphoneos;
				SKIP_INSTALL = YES;
				SUPPORTED_PLATFORMS = "iphonesimulator iphoneos appletvsimulator appletvos";
				SWIFT_INSTALL_OBJC_HEADER = NO;
				SWIFT_OBJC_INTERFACE_HEADER_NAME = "";
				TARGETED_DEVICE_FAMILY = "1,2,3";
			};
			name = Debug;
		};
		84DF760D1B0BD54600C912B0 /* Release */ = {
			isa = XCBuildConfiguration;
			buildSettings = {
				"CODE_SIGN_IDENTITY[sdk=iphoneos*]" = "iPhone Developer";
				COPY_PHASE_STRIP = NO;
				DEFINES_MODULE = YES;
				DYLIB_COMPATIBILITY_VERSION = 1;
				DYLIB_CURRENT_VERSION = 1;
				DYLIB_INSTALL_NAME_BASE = "@rpath";
				FRAMEWORK_SEARCH_PATHS = (
					"$(PLATFORM_DIR)/Developer/Library/Frameworks",
					"$(inherited)",
				);
				GCC_NO_COMMON_BLOCKS = YES;
				INFOPLIST_FILE = SwiftCheck/Info.plist;
				INSTALL_PATH = "$(LOCAL_LIBRARY_DIR)/Frameworks";
				IPHONEOS_DEPLOYMENT_TARGET = 8.0;
				LD_RUNPATH_SEARCH_PATHS = "$(inherited) @executable_path/Frameworks @loader_path/Frameworks";
				OTHER_SWIFT_FLAGS = "";
				PRODUCT_BUNDLE_IDENTIFIER = "com.codafi.$(PRODUCT_NAME:rfc1034identifier)";
				PRODUCT_NAME = SwiftCheck;
				SDKROOT = iphoneos;
				SKIP_INSTALL = YES;
				SUPPORTED_PLATFORMS = "iphonesimulator iphoneos appletvsimulator appletvos";
				SWIFT_INSTALL_OBJC_HEADER = NO;
				SWIFT_OBJC_INTERFACE_HEADER_NAME = "";
				TARGETED_DEVICE_FAMILY = "1,2,3";
				VALIDATE_PRODUCT = YES;
			};
			name = Release;
		};
		84DF760F1B0BD54600C912B0 /* Debug */ = {
			isa = XCBuildConfiguration;
			buildSettings = {
				"CODE_SIGN_IDENTITY[sdk=iphoneos*]" = "iPhone Developer";
				DEBUG_INFORMATION_FORMAT = "dwarf-with-dsym";
				FRAMEWORK_SEARCH_PATHS = "$(inherited)";
				GCC_NO_COMMON_BLOCKS = YES;
				GCC_PREPROCESSOR_DEFINITIONS = (
					"DEBUG=1",
					"$(inherited)",
				);
				INFOPLIST_FILE = SwiftCheckTests/Info.plist;
				IPHONEOS_DEPLOYMENT_TARGET = 8.3;
				LD_RUNPATH_SEARCH_PATHS = "$(inherited) @executable_path/Frameworks @loader_path/Frameworks";
				PRODUCT_BUNDLE_IDENTIFIER = "com.codafi.$(PRODUCT_NAME:rfc1034identifier)";
				PRODUCT_NAME = "$(TARGET_NAME)";
				SDKROOT = iphoneos;
				SUPPORTED_PLATFORMS = "iphonesimulator iphoneos appletvsimulator appletvos";
			};
			name = Debug;
		};
		84DF76101B0BD54600C912B0 /* Release */ = {
			isa = XCBuildConfiguration;
			buildSettings = {
				"CODE_SIGN_IDENTITY[sdk=iphoneos*]" = "iPhone Developer";
				COPY_PHASE_STRIP = NO;
				FRAMEWORK_SEARCH_PATHS = "$(inherited)";
				GCC_NO_COMMON_BLOCKS = YES;
				INFOPLIST_FILE = SwiftCheckTests/Info.plist;
				IPHONEOS_DEPLOYMENT_TARGET = 8.3;
				LD_RUNPATH_SEARCH_PATHS = "$(inherited) @executable_path/Frameworks @loader_path/Frameworks";
				PRODUCT_BUNDLE_IDENTIFIER = "com.codafi.$(PRODUCT_NAME:rfc1034identifier)";
				PRODUCT_NAME = "$(TARGET_NAME)";
				SDKROOT = iphoneos;
				SUPPORTED_PLATFORMS = "iphonesimulator iphoneos appletvsimulator appletvos";
				VALIDATE_PRODUCT = YES;
			};
			name = Release;
		};
/* End XCBuildConfiguration section */

/* Begin XCConfigurationList section */
		844FCC87198B320500EB242A /* Build configuration list for PBXProject "SwiftCheck" */ = {
			isa = XCConfigurationList;
			buildConfigurations = (
				844FCCA1198B320500EB242A /* Debug */,
				844FCCA2198B320500EB242A /* Release */,
			);
			defaultConfigurationIsVisible = 0;
			defaultConfigurationName = Release;
		};
		844FCCA3198B320500EB242A /* Build configuration list for PBXNativeTarget "SwiftCheck" */ = {
			isa = XCConfigurationList;
			buildConfigurations = (
				844FCCA4198B320500EB242A /* Debug */,
				844FCCA5198B320500EB242A /* Release */,
			);
			defaultConfigurationIsVisible = 0;
			defaultConfigurationName = Release;
		};
		844FCCA6198B320500EB242A /* Build configuration list for PBXNativeTarget "SwiftCheckTests" */ = {
			isa = XCConfigurationList;
			buildConfigurations = (
				844FCCA7198B320500EB242A /* Debug */,
				844FCCA8198B320500EB242A /* Release */,
			);
			defaultConfigurationIsVisible = 0;
			defaultConfigurationName = Release;
		};
		84DF760B1B0BD54600C912B0 /* Build configuration list for PBXNativeTarget "SwiftCheck-iOS" */ = {
			isa = XCConfigurationList;
			buildConfigurations = (
				84DF760C1B0BD54600C912B0 /* Debug */,
				84DF760D1B0BD54600C912B0 /* Release */,
			);
			defaultConfigurationIsVisible = 0;
			defaultConfigurationName = Release;
		};
		84DF760E1B0BD54600C912B0 /* Build configuration list for PBXNativeTarget "SwiftCheck-iOSTests" */ = {
			isa = XCConfigurationList;
			buildConfigurations = (
				84DF760F1B0BD54600C912B0 /* Debug */,
				84DF76101B0BD54600C912B0 /* Release */,
			);
			defaultConfigurationIsVisible = 0;
			defaultConfigurationName = Release;
		};
/* End XCConfigurationList section */
	};
	rootObject = 844FCC84198B320500EB242A /* Project object */;
}
