// !$*UTF8*$!
{
	archiveVersion = 1;
	classes = {
	};
	objectVersion = 46;
	objects = {

/* Begin PBXBuildFile section */
		080BE02B1CDAEA330043ACDE /* RawRepresentableSpec.swift in Sources */ = {isa = PBXBuildFile; fileRef = 080BE02A1CDAEA330043ACDE /* RawRepresentableSpec.swift */; };
		080BE02C1CDAEA330043ACDE /* RawRepresentableSpec.swift in Sources */ = {isa = PBXBuildFile; fileRef = 080BE02A1CDAEA330043ACDE /* RawRepresentableSpec.swift */; };
		080BE02D1CDAEA330043ACDE /* RawRepresentableSpec.swift in Sources */ = {isa = PBXBuildFile; fileRef = 080BE02A1CDAEA330043ACDE /* RawRepresentableSpec.swift */; };
		8240CCBB1C3A123700EF4D29 /* SwiftCheck.framework in Frameworks */ = {isa = PBXBuildFile; fileRef = 8240CCB11C3A123600EF4D29 /* SwiftCheck.framework */; };
		8240CCDB1C3A126800EF4D29 /* SwiftCheck.framework in CopyFiles */ = {isa = PBXBuildFile; fileRef = 8240CCB11C3A123600EF4D29 /* SwiftCheck.framework */; settings = {ATTRIBUTES = (CodeSignOnCopy, RemoveHeadersOnCopy, ); }; };
		826D81581C953D070022266C /* Arbitrary.swift in Sources */ = {isa = PBXBuildFile; fileRef = 826D81461C953D070022266C /* Arbitrary.swift */; };
		826D81591C953D070022266C /* Arbitrary.swift in Sources */ = {isa = PBXBuildFile; fileRef = 826D81461C953D070022266C /* Arbitrary.swift */; };
		826D815A1C953D070022266C /* Arbitrary.swift in Sources */ = {isa = PBXBuildFile; fileRef = 826D81461C953D070022266C /* Arbitrary.swift */; };
		826D815E1C953D070022266C /* CoArbitrary.swift in Sources */ = {isa = PBXBuildFile; fileRef = 826D81481C953D070022266C /* CoArbitrary.swift */; };
		826D815F1C953D070022266C /* CoArbitrary.swift in Sources */ = {isa = PBXBuildFile; fileRef = 826D81481C953D070022266C /* CoArbitrary.swift */; };
		826D81601C953D070022266C /* CoArbitrary.swift in Sources */ = {isa = PBXBuildFile; fileRef = 826D81481C953D070022266C /* CoArbitrary.swift */; };
		826D81611C953D070022266C /* Gen.swift in Sources */ = {isa = PBXBuildFile; fileRef = 826D81491C953D070022266C /* Gen.swift */; };
		826D81621C953D070022266C /* Gen.swift in Sources */ = {isa = PBXBuildFile; fileRef = 826D81491C953D070022266C /* Gen.swift */; };
		826D81631C953D070022266C /* Gen.swift in Sources */ = {isa = PBXBuildFile; fileRef = 826D81491C953D070022266C /* Gen.swift */; };
		826D81671C953D070022266C /* Lattice.swift in Sources */ = {isa = PBXBuildFile; fileRef = 826D814B1C953D070022266C /* Lattice.swift */; };
		826D81681C953D070022266C /* Lattice.swift in Sources */ = {isa = PBXBuildFile; fileRef = 826D814B1C953D070022266C /* Lattice.swift */; };
		826D81691C953D070022266C /* Lattice.swift in Sources */ = {isa = PBXBuildFile; fileRef = 826D814B1C953D070022266C /* Lattice.swift */; };
		826D816A1C953D070022266C /* Modifiers.swift in Sources */ = {isa = PBXBuildFile; fileRef = 826D814C1C953D070022266C /* Modifiers.swift */; };
		826D816B1C953D070022266C /* Modifiers.swift in Sources */ = {isa = PBXBuildFile; fileRef = 826D814C1C953D070022266C /* Modifiers.swift */; };
		826D816C1C953D070022266C /* Modifiers.swift in Sources */ = {isa = PBXBuildFile; fileRef = 826D814C1C953D070022266C /* Modifiers.swift */; };
		826D816D1C953D070022266C /* Operators.swift in Sources */ = {isa = PBXBuildFile; fileRef = 826D814D1C953D070022266C /* Operators.swift */; };
		826D816E1C953D070022266C /* Operators.swift in Sources */ = {isa = PBXBuildFile; fileRef = 826D814D1C953D070022266C /* Operators.swift */; };
		826D816F1C953D070022266C /* Operators.swift in Sources */ = {isa = PBXBuildFile; fileRef = 826D814D1C953D070022266C /* Operators.swift */; };
		826D81701C953D070022266C /* Property.swift in Sources */ = {isa = PBXBuildFile; fileRef = 826D814E1C953D070022266C /* Property.swift */; };
		826D81711C953D070022266C /* Property.swift in Sources */ = {isa = PBXBuildFile; fileRef = 826D814E1C953D070022266C /* Property.swift */; };
		826D81721C953D070022266C /* Property.swift in Sources */ = {isa = PBXBuildFile; fileRef = 826D814E1C953D070022266C /* Property.swift */; };
		826D81731C953D070022266C /* Random.swift in Sources */ = {isa = PBXBuildFile; fileRef = 826D814F1C953D070022266C /* Random.swift */; };
		826D81741C953D070022266C /* Random.swift in Sources */ = {isa = PBXBuildFile; fileRef = 826D814F1C953D070022266C /* Random.swift */; };
		826D81751C953D070022266C /* Random.swift in Sources */ = {isa = PBXBuildFile; fileRef = 826D814F1C953D070022266C /* Random.swift */; };
		826D81761C953D070022266C /* Rose.swift in Sources */ = {isa = PBXBuildFile; fileRef = 826D81501C953D070022266C /* Rose.swift */; };
		826D81771C953D070022266C /* Rose.swift in Sources */ = {isa = PBXBuildFile; fileRef = 826D81501C953D070022266C /* Rose.swift */; };
		826D81781C953D070022266C /* Rose.swift in Sources */ = {isa = PBXBuildFile; fileRef = 826D81501C953D070022266C /* Rose.swift */; };
		826D81791C953D070022266C /* State.swift in Sources */ = {isa = PBXBuildFile; fileRef = 826D81511C953D070022266C /* State.swift */; };
		826D817A1C953D070022266C /* State.swift in Sources */ = {isa = PBXBuildFile; fileRef = 826D81511C953D070022266C /* State.swift */; };
		826D817B1C953D070022266C /* State.swift in Sources */ = {isa = PBXBuildFile; fileRef = 826D81511C953D070022266C /* State.swift */; };
		826D817C1C953D070022266C /* SwiftCheck.h in Headers */ = {isa = PBXBuildFile; fileRef = 826D81521C953D070022266C /* SwiftCheck.h */; settings = {ATTRIBUTES = (Public, ); }; };
		826D817D1C953D070022266C /* SwiftCheck.h in Headers */ = {isa = PBXBuildFile; fileRef = 826D81521C953D070022266C /* SwiftCheck.h */; settings = {ATTRIBUTES = (Public, ); }; };
		826D817E1C953D070022266C /* SwiftCheck.h in Headers */ = {isa = PBXBuildFile; fileRef = 826D81521C953D070022266C /* SwiftCheck.h */; settings = {ATTRIBUTES = (Public, ); }; };
		826D817F1C953D070022266C /* Test.swift in Sources */ = {isa = PBXBuildFile; fileRef = 826D81531C953D070022266C /* Test.swift */; };
		826D81801C953D070022266C /* Test.swift in Sources */ = {isa = PBXBuildFile; fileRef = 826D81531C953D070022266C /* Test.swift */; };
		826D81811C953D070022266C /* Test.swift in Sources */ = {isa = PBXBuildFile; fileRef = 826D81531C953D070022266C /* Test.swift */; };
		826D81821C953D070022266C /* Testable.swift in Sources */ = {isa = PBXBuildFile; fileRef = 826D81541C953D070022266C /* Testable.swift */; };
		826D81831C953D070022266C /* Testable.swift in Sources */ = {isa = PBXBuildFile; fileRef = 826D81541C953D070022266C /* Testable.swift */; };
		826D81841C953D070022266C /* Testable.swift in Sources */ = {isa = PBXBuildFile; fileRef = 826D81541C953D070022266C /* Testable.swift */; };
		826D81851C953D070022266C /* TestOperators.swift in Sources */ = {isa = PBXBuildFile; fileRef = 826D81551C953D070022266C /* TestOperators.swift */; };
		826D81861C953D070022266C /* TestOperators.swift in Sources */ = {isa = PBXBuildFile; fileRef = 826D81551C953D070022266C /* TestOperators.swift */; };
		826D81871C953D070022266C /* TestOperators.swift in Sources */ = {isa = PBXBuildFile; fileRef = 826D81551C953D070022266C /* TestOperators.swift */; };
		826D81881C953D070022266C /* Witness.swift in Sources */ = {isa = PBXBuildFile; fileRef = 826D81561C953D070022266C /* Witness.swift */; };
		826D81891C953D070022266C /* Witness.swift in Sources */ = {isa = PBXBuildFile; fileRef = 826D81561C953D070022266C /* Witness.swift */; };
		826D818A1C953D070022266C /* Witness.swift in Sources */ = {isa = PBXBuildFile; fileRef = 826D81561C953D070022266C /* Witness.swift */; };
		826D818B1C953D070022266C /* WitnessedArbitrary.swift in Sources */ = {isa = PBXBuildFile; fileRef = 826D81571C953D070022266C /* WitnessedArbitrary.swift */; };
		826D818C1C953D070022266C /* WitnessedArbitrary.swift in Sources */ = {isa = PBXBuildFile; fileRef = 826D81571C953D070022266C /* WitnessedArbitrary.swift */; };
		826D818D1C953D070022266C /* WitnessedArbitrary.swift in Sources */ = {isa = PBXBuildFile; fileRef = 826D81571C953D070022266C /* WitnessedArbitrary.swift */; };
		826D819C1C953D2D0022266C /* BooleanIdentitySpec.swift in Sources */ = {isa = PBXBuildFile; fileRef = 826D818E1C953D2D0022266C /* BooleanIdentitySpec.swift */; };
		826D819D1C953D2D0022266C /* BooleanIdentitySpec.swift in Sources */ = {isa = PBXBuildFile; fileRef = 826D818E1C953D2D0022266C /* BooleanIdentitySpec.swift */; };
		826D819E1C953D2D0022266C /* BooleanIdentitySpec.swift in Sources */ = {isa = PBXBuildFile; fileRef = 826D818E1C953D2D0022266C /* BooleanIdentitySpec.swift */; };
		826D819F1C953D2D0022266C /* ComplexSpec.swift in Sources */ = {isa = PBXBuildFile; fileRef = 826D818F1C953D2D0022266C /* ComplexSpec.swift */; };
		826D81A01C953D2D0022266C /* ComplexSpec.swift in Sources */ = {isa = PBXBuildFile; fileRef = 826D818F1C953D2D0022266C /* ComplexSpec.swift */; };
		826D81A11C953D2D0022266C /* ComplexSpec.swift in Sources */ = {isa = PBXBuildFile; fileRef = 826D818F1C953D2D0022266C /* ComplexSpec.swift */; };
		826D81A21C953D2D0022266C /* DiscardSpec.swift in Sources */ = {isa = PBXBuildFile; fileRef = 826D81901C953D2D0022266C /* DiscardSpec.swift */; };
		826D81A31C953D2D0022266C /* DiscardSpec.swift in Sources */ = {isa = PBXBuildFile; fileRef = 826D81901C953D2D0022266C /* DiscardSpec.swift */; };
		826D81A41C953D2D0022266C /* DiscardSpec.swift in Sources */ = {isa = PBXBuildFile; fileRef = 826D81901C953D2D0022266C /* DiscardSpec.swift */; };
		826D81A51C953D2D0022266C /* FailureSpec.swift in Sources */ = {isa = PBXBuildFile; fileRef = 826D81911C953D2D0022266C /* FailureSpec.swift */; };
		826D81A61C953D2D0022266C /* FailureSpec.swift in Sources */ = {isa = PBXBuildFile; fileRef = 826D81911C953D2D0022266C /* FailureSpec.swift */; };
		826D81A71C953D2D0022266C /* FailureSpec.swift in Sources */ = {isa = PBXBuildFile; fileRef = 826D81911C953D2D0022266C /* FailureSpec.swift */; };
		826D81A81C953D2D0022266C /* GenSpec.swift in Sources */ = {isa = PBXBuildFile; fileRef = 826D81921C953D2D0022266C /* GenSpec.swift */; };
		826D81A91C953D2D0022266C /* GenSpec.swift in Sources */ = {isa = PBXBuildFile; fileRef = 826D81921C953D2D0022266C /* GenSpec.swift */; };
		826D81AA1C953D2D0022266C /* GenSpec.swift in Sources */ = {isa = PBXBuildFile; fileRef = 826D81921C953D2D0022266C /* GenSpec.swift */; };
		826D81AB1C953D2D0022266C /* LambdaSpec.swift in Sources */ = {isa = PBXBuildFile; fileRef = 826D81931C953D2D0022266C /* LambdaSpec.swift */; };
		826D81AC1C953D2D0022266C /* LambdaSpec.swift in Sources */ = {isa = PBXBuildFile; fileRef = 826D81931C953D2D0022266C /* LambdaSpec.swift */; };
		826D81AD1C953D2D0022266C /* LambdaSpec.swift in Sources */ = {isa = PBXBuildFile; fileRef = 826D81931C953D2D0022266C /* LambdaSpec.swift */; };
		826D81AE1C953D2D0022266C /* ModifierSpec.swift in Sources */ = {isa = PBXBuildFile; fileRef = 826D81941C953D2D0022266C /* ModifierSpec.swift */; };
		826D81AF1C953D2D0022266C /* ModifierSpec.swift in Sources */ = {isa = PBXBuildFile; fileRef = 826D81941C953D2D0022266C /* ModifierSpec.swift */; };
		826D81B01C953D2D0022266C /* ModifierSpec.swift in Sources */ = {isa = PBXBuildFile; fileRef = 826D81941C953D2D0022266C /* ModifierSpec.swift */; };
		826D81B11C953D2D0022266C /* PathSpec.swift in Sources */ = {isa = PBXBuildFile; fileRef = 826D81951C953D2D0022266C /* PathSpec.swift */; };
		826D81B21C953D2D0022266C /* PathSpec.swift in Sources */ = {isa = PBXBuildFile; fileRef = 826D81951C953D2D0022266C /* PathSpec.swift */; };
		826D81B31C953D2D0022266C /* PathSpec.swift in Sources */ = {isa = PBXBuildFile; fileRef = 826D81951C953D2D0022266C /* PathSpec.swift */; };
		826D81B41C953D2D0022266C /* PropertySpec.swift in Sources */ = {isa = PBXBuildFile; fileRef = 826D81961C953D2D0022266C /* PropertySpec.swift */; };
		826D81B51C953D2D0022266C /* PropertySpec.swift in Sources */ = {isa = PBXBuildFile; fileRef = 826D81961C953D2D0022266C /* PropertySpec.swift */; };
		826D81B61C953D2D0022266C /* PropertySpec.swift in Sources */ = {isa = PBXBuildFile; fileRef = 826D81961C953D2D0022266C /* PropertySpec.swift */; };
		826D81B71C953D2D0022266C /* ReplaySpec.swift in Sources */ = {isa = PBXBuildFile; fileRef = 826D81971C953D2D0022266C /* ReplaySpec.swift */; };
		826D81B81C953D2D0022266C /* ReplaySpec.swift in Sources */ = {isa = PBXBuildFile; fileRef = 826D81971C953D2D0022266C /* ReplaySpec.swift */; };
		826D81B91C953D2D0022266C /* ReplaySpec.swift in Sources */ = {isa = PBXBuildFile; fileRef = 826D81971C953D2D0022266C /* ReplaySpec.swift */; };
		826D81BA1C953D2D0022266C /* RoseSpec.swift in Sources */ = {isa = PBXBuildFile; fileRef = 826D81981C953D2D0022266C /* RoseSpec.swift */; };
		826D81BB1C953D2D0022266C /* RoseSpec.swift in Sources */ = {isa = PBXBuildFile; fileRef = 826D81981C953D2D0022266C /* RoseSpec.swift */; };
		826D81BC1C953D2D0022266C /* RoseSpec.swift in Sources */ = {isa = PBXBuildFile; fileRef = 826D81981C953D2D0022266C /* RoseSpec.swift */; };
		826D81BD1C953D2D0022266C /* ShrinkSpec.swift in Sources */ = {isa = PBXBuildFile; fileRef = 826D81991C953D2D0022266C /* ShrinkSpec.swift */; };
		826D81BE1C953D2D0022266C /* ShrinkSpec.swift in Sources */ = {isa = PBXBuildFile; fileRef = 826D81991C953D2D0022266C /* ShrinkSpec.swift */; };
		826D81BF1C953D2D0022266C /* ShrinkSpec.swift in Sources */ = {isa = PBXBuildFile; fileRef = 826D81991C953D2D0022266C /* ShrinkSpec.swift */; };
		826D81C01C953D2D0022266C /* SimpleSpec.swift in Sources */ = {isa = PBXBuildFile; fileRef = 826D819A1C953D2D0022266C /* SimpleSpec.swift */; };
		826D81C11C953D2D0022266C /* SimpleSpec.swift in Sources */ = {isa = PBXBuildFile; fileRef = 826D819A1C953D2D0022266C /* SimpleSpec.swift */; };
		826D81C21C953D2D0022266C /* SimpleSpec.swift in Sources */ = {isa = PBXBuildFile; fileRef = 826D819A1C953D2D0022266C /* SimpleSpec.swift */; };
		826D81C31C953D2D0022266C /* TestSpec.swift in Sources */ = {isa = PBXBuildFile; fileRef = 826D819B1C953D2D0022266C /* TestSpec.swift */; };
		826D81C41C953D2D0022266C /* TestSpec.swift in Sources */ = {isa = PBXBuildFile; fileRef = 826D819B1C953D2D0022266C /* TestSpec.swift */; };
		826D81C51C953D2D0022266C /* TestSpec.swift in Sources */ = {isa = PBXBuildFile; fileRef = 826D819B1C953D2D0022266C /* TestSpec.swift */; };
		841408BB1B1A85A900BA2B6C /* SwiftCheck.framework in CopyFiles */ = {isa = PBXBuildFile; fileRef = 84DF75F81B0BD54600C912B0 /* SwiftCheck.framework */; settings = {ATTRIBUTES = (CodeSignOnCopy, RemoveHeadersOnCopy, ); }; };
		844FCC99198B320500EB242A /* SwiftCheck.framework in Frameworks */ = {isa = PBXBuildFile; fileRef = 844FCC8D198B320500EB242A /* SwiftCheck.framework */; };
		84DF76031B0BD54600C912B0 /* SwiftCheck.framework in Frameworks */ = {isa = PBXBuildFile; fileRef = 84DF75F81B0BD54600C912B0 /* SwiftCheck.framework */; };
/* End PBXBuildFile section */

/* Begin PBXContainerItemProxy section */
		8240CCBC1C3A123700EF4D29 /* PBXContainerItemProxy */ = {
			isa = PBXContainerItemProxy;
			containerPortal = 844FCC84198B320500EB242A /* Project object */;
			proxyType = 1;
			remoteGlobalIDString = 8240CCB01C3A123600EF4D29;
			remoteInfo = "SwiftCheck-tvOS";
		};
		844FCC9A198B320500EB242A /* PBXContainerItemProxy */ = {
			isa = PBXContainerItemProxy;
			containerPortal = 844FCC84198B320500EB242A /* Project object */;
			proxyType = 1;
			remoteGlobalIDString = 844FCC8C198B320500EB242A;
			remoteInfo = SwiftCheck;
		};
		84DF76041B0BD54600C912B0 /* PBXContainerItemProxy */ = {
			isa = PBXContainerItemProxy;
			containerPortal = 844FCC84198B320500EB242A /* Project object */;
			proxyType = 1;
			remoteGlobalIDString = 84DF75F71B0BD54600C912B0;
			remoteInfo = "SwiftCheck-iOS";
		};
/* End PBXContainerItemProxy section */

/* Begin PBXCopyFilesBuildPhase section */
		8240CCDA1C3A126100EF4D29 /* CopyFiles */ = {
			isa = PBXCopyFilesBuildPhase;
			buildActionMask = 2147483647;
			dstPath = "";
			dstSubfolderSpec = 10;
			files = (
				8240CCDB1C3A126800EF4D29 /* SwiftCheck.framework in CopyFiles */,
			);
			runOnlyForDeploymentPostprocessing = 0;
		};
		841408BA1B1A859B00BA2B6C /* CopyFiles */ = {
			isa = PBXCopyFilesBuildPhase;
			buildActionMask = 2147483647;
			dstPath = "";
			dstSubfolderSpec = 10;
			files = (
				841408BB1B1A85A900BA2B6C /* SwiftCheck.framework in CopyFiles */,
			);
			runOnlyForDeploymentPostprocessing = 0;
		};
/* End PBXCopyFilesBuildPhase section */

/* Begin PBXFileReference section */
		080BE02A1CDAEA330043ACDE /* RawRepresentableSpec.swift */ = {isa = PBXFileReference; fileEncoding = 4; lastKnownFileType = sourcecode.swift; name = RawRepresentableSpec.swift; path = Tests/RawRepresentableSpec.swift; sourceTree = SOURCE_ROOT; };
		8240CCB11C3A123600EF4D29 /* SwiftCheck.framework */ = {isa = PBXFileReference; explicitFileType = wrapper.framework; includeInIndex = 0; path = SwiftCheck.framework; sourceTree = BUILT_PRODUCTS_DIR; };
		8240CCBA1C3A123700EF4D29 /* SwiftCheck-tvOSTests.xctest */ = {isa = PBXFileReference; explicitFileType = wrapper.cfbundle; includeInIndex = 0; path = "SwiftCheck-tvOSTests.xctest"; sourceTree = BUILT_PRODUCTS_DIR; };
		826D81461C953D070022266C /* Arbitrary.swift */ = {isa = PBXFileReference; fileEncoding = 4; lastKnownFileType = sourcecode.swift; name = Arbitrary.swift; path = Sources/Arbitrary.swift; sourceTree = SOURCE_ROOT; };
		826D81481C953D070022266C /* CoArbitrary.swift */ = {isa = PBXFileReference; fileEncoding = 4; lastKnownFileType = sourcecode.swift; name = CoArbitrary.swift; path = Sources/CoArbitrary.swift; sourceTree = SOURCE_ROOT; };
		826D81491C953D070022266C /* Gen.swift */ = {isa = PBXFileReference; fileEncoding = 4; lastKnownFileType = sourcecode.swift; name = Gen.swift; path = Sources/Gen.swift; sourceTree = SOURCE_ROOT; };
		826D814A1C953D070022266C /* Info.plist */ = {isa = PBXFileReference; fileEncoding = 4; lastKnownFileType = text.plist.xml; name = Info.plist; path = Sources/Info.plist; sourceTree = SOURCE_ROOT; };
		826D814B1C953D070022266C /* Lattice.swift */ = {isa = PBXFileReference; fileEncoding = 4; lastKnownFileType = sourcecode.swift; name = Lattice.swift; path = Sources/Lattice.swift; sourceTree = SOURCE_ROOT; };
		826D814C1C953D070022266C /* Modifiers.swift */ = {isa = PBXFileReference; fileEncoding = 4; lastKnownFileType = sourcecode.swift; name = Modifiers.swift; path = Sources/Modifiers.swift; sourceTree = SOURCE_ROOT; };
		826D814D1C953D070022266C /* Operators.swift */ = {isa = PBXFileReference; fileEncoding = 4; lastKnownFileType = sourcecode.swift; name = Operators.swift; path = Sources/Operators.swift; sourceTree = SOURCE_ROOT; };
		826D814E1C953D070022266C /* Property.swift */ = {isa = PBXFileReference; fileEncoding = 4; lastKnownFileType = sourcecode.swift; name = Property.swift; path = Sources/Property.swift; sourceTree = SOURCE_ROOT; };
		826D814F1C953D070022266C /* Random.swift */ = {isa = PBXFileReference; fileEncoding = 4; lastKnownFileType = sourcecode.swift; name = Random.swift; path = Sources/Random.swift; sourceTree = SOURCE_ROOT; };
		826D81501C953D070022266C /* Rose.swift */ = {isa = PBXFileReference; fileEncoding = 4; lastKnownFileType = sourcecode.swift; name = Rose.swift; path = Sources/Rose.swift; sourceTree = SOURCE_ROOT; };
		826D81511C953D070022266C /* State.swift */ = {isa = PBXFileReference; fileEncoding = 4; lastKnownFileType = sourcecode.swift; name = State.swift; path = Sources/State.swift; sourceTree = SOURCE_ROOT; };
		826D81521C953D070022266C /* SwiftCheck.h */ = {isa = PBXFileReference; fileEncoding = 4; lastKnownFileType = sourcecode.c.h; name = SwiftCheck.h; path = Sources/SwiftCheck.h; sourceTree = SOURCE_ROOT; };
		826D81531C953D070022266C /* Test.swift */ = {isa = PBXFileReference; fileEncoding = 4; lastKnownFileType = sourcecode.swift; name = Test.swift; path = Sources/Test.swift; sourceTree = SOURCE_ROOT; };
		826D81541C953D070022266C /* Testable.swift */ = {isa = PBXFileReference; fileEncoding = 4; lastKnownFileType = sourcecode.swift; name = Testable.swift; path = Sources/Testable.swift; sourceTree = SOURCE_ROOT; };
		826D81551C953D070022266C /* TestOperators.swift */ = {isa = PBXFileReference; fileEncoding = 4; lastKnownFileType = sourcecode.swift; name = TestOperators.swift; path = Sources/TestOperators.swift; sourceTree = SOURCE_ROOT; };
		826D81561C953D070022266C /* Witness.swift */ = {isa = PBXFileReference; fileEncoding = 4; lastKnownFileType = sourcecode.swift; name = Witness.swift; path = Sources/Witness.swift; sourceTree = SOURCE_ROOT; };
		826D81571C953D070022266C /* WitnessedArbitrary.swift */ = {isa = PBXFileReference; fileEncoding = 4; lastKnownFileType = sourcecode.swift; name = WitnessedArbitrary.swift; path = Sources/WitnessedArbitrary.swift; sourceTree = SOURCE_ROOT; };
		826D818E1C953D2D0022266C /* BooleanIdentitySpec.swift */ = {isa = PBXFileReference; fileEncoding = 4; lastKnownFileType = sourcecode.swift; name = BooleanIdentitySpec.swift; path = Tests/BooleanIdentitySpec.swift; sourceTree = SOURCE_ROOT; };
		826D818F1C953D2D0022266C /* ComplexSpec.swift */ = {isa = PBXFileReference; fileEncoding = 4; lastKnownFileType = sourcecode.swift; name = ComplexSpec.swift; path = Tests/ComplexSpec.swift; sourceTree = SOURCE_ROOT; };
		826D81901C953D2D0022266C /* DiscardSpec.swift */ = {isa = PBXFileReference; fileEncoding = 4; lastKnownFileType = sourcecode.swift; name = DiscardSpec.swift; path = Tests/DiscardSpec.swift; sourceTree = SOURCE_ROOT; };
		826D81911C953D2D0022266C /* FailureSpec.swift */ = {isa = PBXFileReference; fileEncoding = 4; lastKnownFileType = sourcecode.swift; name = FailureSpec.swift; path = Tests/FailureSpec.swift; sourceTree = SOURCE_ROOT; };
		826D81921C953D2D0022266C /* GenSpec.swift */ = {isa = PBXFileReference; fileEncoding = 4; lastKnownFileType = sourcecode.swift; name = GenSpec.swift; path = Tests/GenSpec.swift; sourceTree = SOURCE_ROOT; };
		826D81931C953D2D0022266C /* LambdaSpec.swift */ = {isa = PBXFileReference; fileEncoding = 4; lastKnownFileType = sourcecode.swift; name = LambdaSpec.swift; path = Tests/LambdaSpec.swift; sourceTree = SOURCE_ROOT; };
		826D81941C953D2D0022266C /* ModifierSpec.swift */ = {isa = PBXFileReference; fileEncoding = 4; lastKnownFileType = sourcecode.swift; name = ModifierSpec.swift; path = Tests/ModifierSpec.swift; sourceTree = SOURCE_ROOT; };
		826D81951C953D2D0022266C /* PathSpec.swift */ = {isa = PBXFileReference; fileEncoding = 4; lastKnownFileType = sourcecode.swift; name = PathSpec.swift; path = Tests/PathSpec.swift; sourceTree = SOURCE_ROOT; };
		826D81961C953D2D0022266C /* PropertySpec.swift */ = {isa = PBXFileReference; fileEncoding = 4; lastKnownFileType = sourcecode.swift; name = PropertySpec.swift; path = Tests/PropertySpec.swift; sourceTree = SOURCE_ROOT; };
		826D81971C953D2D0022266C /* ReplaySpec.swift */ = {isa = PBXFileReference; fileEncoding = 4; lastKnownFileType = sourcecode.swift; name = ReplaySpec.swift; path = Tests/ReplaySpec.swift; sourceTree = SOURCE_ROOT; };
		826D81981C953D2D0022266C /* RoseSpec.swift */ = {isa = PBXFileReference; fileEncoding = 4; lastKnownFileType = sourcecode.swift; name = RoseSpec.swift; path = Tests/RoseSpec.swift; sourceTree = SOURCE_ROOT; };
		826D81991C953D2D0022266C /* ShrinkSpec.swift */ = {isa = PBXFileReference; fileEncoding = 4; lastKnownFileType = sourcecode.swift; name = ShrinkSpec.swift; path = Tests/ShrinkSpec.swift; sourceTree = SOURCE_ROOT; };
		826D819A1C953D2D0022266C /* SimpleSpec.swift */ = {isa = PBXFileReference; fileEncoding = 4; lastKnownFileType = sourcecode.swift; name = SimpleSpec.swift; path = Tests/SimpleSpec.swift; sourceTree = SOURCE_ROOT; };
		826D819B1C953D2D0022266C /* TestSpec.swift */ = {isa = PBXFileReference; fileEncoding = 4; lastKnownFileType = sourcecode.swift; name = TestSpec.swift; path = Tests/TestSpec.swift; sourceTree = SOURCE_ROOT; };
		826D81C61C953D350022266C /* Info.plist */ = {isa = PBXFileReference; fileEncoding = 4; lastKnownFileType = text.plist.xml; name = Info.plist; path = Tests/Info.plist; sourceTree = SOURCE_ROOT; };
		844FCC8D198B320500EB242A /* SwiftCheck.framework */ = {isa = PBXFileReference; explicitFileType = wrapper.framework; includeInIndex = 0; path = SwiftCheck.framework; sourceTree = BUILT_PRODUCTS_DIR; };
		844FCC98198B320500EB242A /* SwiftCheckTests.xctest */ = {isa = PBXFileReference; explicitFileType = wrapper.cfbundle; includeInIndex = 0; path = SwiftCheckTests.xctest; sourceTree = BUILT_PRODUCTS_DIR; };
		84DF75F81B0BD54600C912B0 /* SwiftCheck.framework */ = {isa = PBXFileReference; explicitFileType = wrapper.framework; includeInIndex = 0; path = SwiftCheck.framework; sourceTree = BUILT_PRODUCTS_DIR; };
		84DF76021B0BD54600C912B0 /* SwiftCheck-iOSTests.xctest */ = {isa = PBXFileReference; explicitFileType = wrapper.cfbundle; includeInIndex = 0; path = "SwiftCheck-iOSTests.xctest"; sourceTree = BUILT_PRODUCTS_DIR; };
/* End PBXFileReference section */

/* Begin PBXFrameworksBuildPhase section */
		8240CCAD1C3A123600EF4D29 /* Frameworks */ = {
			isa = PBXFrameworksBuildPhase;
			buildActionMask = 2147483647;
			files = (
			);
			runOnlyForDeploymentPostprocessing = 0;
		};
		8240CCB71C3A123700EF4D29 /* Frameworks */ = {
			isa = PBXFrameworksBuildPhase;
			buildActionMask = 2147483647;
			files = (
				8240CCBB1C3A123700EF4D29 /* SwiftCheck.framework in Frameworks */,
			);
			runOnlyForDeploymentPostprocessing = 0;
		};
		844FCC89198B320500EB242A /* Frameworks */ = {
			isa = PBXFrameworksBuildPhase;
			buildActionMask = 2147483647;
			files = (
			);
			runOnlyForDeploymentPostprocessing = 0;
		};
		844FCC95198B320500EB242A /* Frameworks */ = {
			isa = PBXFrameworksBuildPhase;
			buildActionMask = 2147483647;
			files = (
				844FCC99198B320500EB242A /* SwiftCheck.framework in Frameworks */,
			);
			runOnlyForDeploymentPostprocessing = 0;
		};
		84DF75F41B0BD54600C912B0 /* Frameworks */ = {
			isa = PBXFrameworksBuildPhase;
			buildActionMask = 2147483647;
			files = (
			);
			runOnlyForDeploymentPostprocessing = 0;
		};
		84DF75FF1B0BD54600C912B0 /* Frameworks */ = {
			isa = PBXFrameworksBuildPhase;
			buildActionMask = 2147483647;
			files = (
				84DF76031B0BD54600C912B0 /* SwiftCheck.framework in Frameworks */,
			);
			runOnlyForDeploymentPostprocessing = 0;
		};
/* End PBXFrameworksBuildPhase section */

/* Begin PBXGroup section */
		844FCC83198B320500EB242A = {
			isa = PBXGroup;
			children = (
				826D81521C953D070022266C /* SwiftCheck.h */,
				844FCC8F198B320500EB242A /* SwiftCheck */,
				844FCC9C198B320500EB242A /* SwiftCheckTests */,
				844FCC8E198B320500EB242A /* Products */,
			);
			sourceTree = "<group>";
		};
		844FCC8E198B320500EB242A /* Products */ = {
			isa = PBXGroup;
			children = (
				844FCC8D198B320500EB242A /* SwiftCheck.framework */,
				844FCC98198B320500EB242A /* SwiftCheckTests.xctest */,
				84DF75F81B0BD54600C912B0 /* SwiftCheck.framework */,
				84DF76021B0BD54600C912B0 /* SwiftCheck-iOSTests.xctest */,
				8240CCB11C3A123600EF4D29 /* SwiftCheck.framework */,
				8240CCBA1C3A123700EF4D29 /* SwiftCheck-tvOSTests.xctest */,
			);
			name = Products;
			sourceTree = "<group>";
		};
		844FCC8F198B320500EB242A /* SwiftCheck */ = {
			isa = PBXGroup;
			children = (
				826D81461C953D070022266C /* Arbitrary.swift */,
				826D81481C953D070022266C /* CoArbitrary.swift */,
				826D81491C953D070022266C /* Gen.swift */,
				826D814B1C953D070022266C /* Lattice.swift */,
				826D814C1C953D070022266C /* Modifiers.swift */,
				826D814D1C953D070022266C /* Operators.swift */,
				826D814E1C953D070022266C /* Property.swift */,
				826D814F1C953D070022266C /* Random.swift */,
				826D81501C953D070022266C /* Rose.swift */,
				826D81511C953D070022266C /* State.swift */,
				826D81531C953D070022266C /* Test.swift */,
				826D81541C953D070022266C /* Testable.swift */,
				826D81551C953D070022266C /* TestOperators.swift */,
				826D81561C953D070022266C /* Witness.swift */,
				826D81571C953D070022266C /* WitnessedArbitrary.swift */,
				844FCC90198B320500EB242A /* Supporting Files */,
			);
			path = SwiftCheck;
			sourceTree = "<group>";
		};
		844FCC90198B320500EB242A /* Supporting Files */ = {
			isa = PBXGroup;
			children = (
				826D814A1C953D070022266C /* Info.plist */,
			);
			name = "Supporting Files";
			sourceTree = "<group>";
		};
		844FCC9C198B320500EB242A /* SwiftCheckTests */ = {
			isa = PBXGroup;
			children = (
				826D818E1C953D2D0022266C /* BooleanIdentitySpec.swift */,
				826D818F1C953D2D0022266C /* ComplexSpec.swift */,
				826D81901C953D2D0022266C /* DiscardSpec.swift */,
				826D81911C953D2D0022266C /* FailureSpec.swift */,
				826D81921C953D2D0022266C /* GenSpec.swift */,
				826D81931C953D2D0022266C /* LambdaSpec.swift */,
				826D81941C953D2D0022266C /* ModifierSpec.swift */,
				826D81951C953D2D0022266C /* PathSpec.swift */,
				826D81961C953D2D0022266C /* PropertySpec.swift */,
				080BE02A1CDAEA330043ACDE /* RawRepresentableSpec.swift */,
				826D81971C953D2D0022266C /* ReplaySpec.swift */,
				826D81981C953D2D0022266C /* RoseSpec.swift */,
				826D81991C953D2D0022266C /* ShrinkSpec.swift */,
				826D819A1C953D2D0022266C /* SimpleSpec.swift */,
				826D819B1C953D2D0022266C /* TestSpec.swift */,
				844FCC9D198B320500EB242A /* Supporting Files */,
			);
			path = SwiftCheckTests;
			sourceTree = "<group>";
		};
		844FCC9D198B320500EB242A /* Supporting Files */ = {
			isa = PBXGroup;
			children = (
				826D81C61C953D350022266C /* Info.plist */,
			);
			name = "Supporting Files";
			sourceTree = "<group>";
		};
/* End PBXGroup section */

/* Begin PBXHeadersBuildPhase section */
		8240CCAE1C3A123600EF4D29 /* Headers */ = {
			isa = PBXHeadersBuildPhase;
			buildActionMask = 2147483647;
			files = (
				826D817E1C953D070022266C /* SwiftCheck.h in Headers */,
			);
			runOnlyForDeploymentPostprocessing = 0;
		};
		844FCC8A198B320500EB242A /* Headers */ = {
			isa = PBXHeadersBuildPhase;
			buildActionMask = 2147483647;
			files = (
				826D817C1C953D070022266C /* SwiftCheck.h in Headers */,
			);
			runOnlyForDeploymentPostprocessing = 0;
		};
		84DF75F51B0BD54600C912B0 /* Headers */ = {
			isa = PBXHeadersBuildPhase;
			buildActionMask = 2147483647;
			files = (
				826D817D1C953D070022266C /* SwiftCheck.h in Headers */,
			);
			runOnlyForDeploymentPostprocessing = 0;
		};
/* End PBXHeadersBuildPhase section */

/* Begin PBXNativeTarget section */
		8240CCB01C3A123600EF4D29 /* SwiftCheck-tvOS */ = {
			isa = PBXNativeTarget;
			buildConfigurationList = 8240CCC61C3A123700EF4D29 /* Build configuration list for PBXNativeTarget "SwiftCheck-tvOS" */;
			buildPhases = (
				8240CCAC1C3A123600EF4D29 /* Sources */,
				8240CCAD1C3A123600EF4D29 /* Frameworks */,
				8240CCAE1C3A123600EF4D29 /* Headers */,
				8240CCAF1C3A123600EF4D29 /* Resources */,
			);
			buildRules = (
			);
			dependencies = (
			);
			name = "SwiftCheck-tvOS";
			productName = "SwiftCheck-tvOS";
			productReference = 8240CCB11C3A123600EF4D29 /* SwiftCheck.framework */;
			productType = "com.apple.product-type.framework";
		};
		8240CCB91C3A123700EF4D29 /* SwiftCheck-tvOSTests */ = {
			isa = PBXNativeTarget;
			buildConfigurationList = 8240CCC71C3A123700EF4D29 /* Build configuration list for PBXNativeTarget "SwiftCheck-tvOSTests" */;
			buildPhases = (
				8240CCB61C3A123700EF4D29 /* Sources */,
				8240CCB71C3A123700EF4D29 /* Frameworks */,
				8240CCB81C3A123700EF4D29 /* Resources */,
				8240CCDA1C3A126100EF4D29 /* CopyFiles */,
			);
			buildRules = (
			);
			dependencies = (
				8240CCBD1C3A123700EF4D29 /* PBXTargetDependency */,
			);
			name = "SwiftCheck-tvOSTests";
			productName = "SwiftCheck-tvOSTests";
			productReference = 8240CCBA1C3A123700EF4D29 /* SwiftCheck-tvOSTests.xctest */;
			productType = "com.apple.product-type.bundle.unit-test";
		};
		844FCC8C198B320500EB242A /* SwiftCheck */ = {
			isa = PBXNativeTarget;
			buildConfigurationList = 844FCCA3198B320500EB242A /* Build configuration list for PBXNativeTarget "SwiftCheck" */;
			buildPhases = (
				844FCC88198B320500EB242A /* Sources */,
				844FCC89198B320500EB242A /* Frameworks */,
				844FCC8A198B320500EB242A /* Headers */,
				844FCC8B198B320500EB242A /* Resources */,
			);
			buildRules = (
			);
			dependencies = (
			);
			name = SwiftCheck;
			productName = SwiftCheck;
			productReference = 844FCC8D198B320500EB242A /* SwiftCheck.framework */;
			productType = "com.apple.product-type.framework";
		};
		844FCC97198B320500EB242A /* SwiftCheckTests */ = {
			isa = PBXNativeTarget;
			buildConfigurationList = 844FCCA6198B320500EB242A /* Build configuration list for PBXNativeTarget "SwiftCheckTests" */;
			buildPhases = (
				844FCC94198B320500EB242A /* Sources */,
				844FCC95198B320500EB242A /* Frameworks */,
				844FCC96198B320500EB242A /* Resources */,
			);
			buildRules = (
			);
			dependencies = (
				844FCC9B198B320500EB242A /* PBXTargetDependency */,
			);
			name = SwiftCheckTests;
			productName = SwiftCheckTests;
			productReference = 844FCC98198B320500EB242A /* SwiftCheckTests.xctest */;
			productType = "com.apple.product-type.bundle.unit-test";
		};
		84DF75F71B0BD54600C912B0 /* SwiftCheck-iOS */ = {
			isa = PBXNativeTarget;
			buildConfigurationList = 84DF760B1B0BD54600C912B0 /* Build configuration list for PBXNativeTarget "SwiftCheck-iOS" */;
			buildPhases = (
				84DF75F31B0BD54600C912B0 /* Sources */,
				84DF75F41B0BD54600C912B0 /* Frameworks */,
				84DF75F51B0BD54600C912B0 /* Headers */,
				84DF75F61B0BD54600C912B0 /* Resources */,
			);
			buildRules = (
			);
			dependencies = (
			);
			name = "SwiftCheck-iOS";
			productName = "SwiftCheck-iOS";
			productReference = 84DF75F81B0BD54600C912B0 /* SwiftCheck.framework */;
			productType = "com.apple.product-type.framework";
		};
		84DF76011B0BD54600C912B0 /* SwiftCheck-iOSTests */ = {
			isa = PBXNativeTarget;
			buildConfigurationList = 84DF760E1B0BD54600C912B0 /* Build configuration list for PBXNativeTarget "SwiftCheck-iOSTests" */;
			buildPhases = (
				84DF75FE1B0BD54600C912B0 /* Sources */,
				84DF75FF1B0BD54600C912B0 /* Frameworks */,
				84DF76001B0BD54600C912B0 /* Resources */,
				841408BA1B1A859B00BA2B6C /* CopyFiles */,
			);
			buildRules = (
			);
			dependencies = (
				84DF76051B0BD54600C912B0 /* PBXTargetDependency */,
			);
			name = "SwiftCheck-iOSTests";
			productName = "SwiftCheck-iOSTests";
			productReference = 84DF76021B0BD54600C912B0 /* SwiftCheck-iOSTests.xctest */;
			productType = "com.apple.product-type.bundle.unit-test";
		};
/* End PBXNativeTarget section */

/* Begin PBXProject section */
		844FCC84198B320500EB242A /* Project object */ = {
			isa = PBXProject;
			attributes = {
				LastSwiftUpdateCheck = 0730;
				LastUpgradeCheck = 0800;
				ORGANIZATIONNAME = Typelift;
				TargetAttributes = {
					8240CCB01C3A123600EF4D29 = {
						CreatedOnToolsVersion = 7.2;
					};
					8240CCB91C3A123700EF4D29 = {
						CreatedOnToolsVersion = 7.2;
					};
					844FCC8C198B320500EB242A = {
						CreatedOnToolsVersion = 6.0;
						LastSwiftMigration = 0800;
					};
					844FCC97198B320500EB242A = {
						CreatedOnToolsVersion = 6.0;
						LastSwiftMigration = 0800;
						TestTargetID = 844FCC8C198B320500EB242A;
					};
					84DF75F71B0BD54600C912B0 = {
						CreatedOnToolsVersion = 6.4;
					};
					84DF76011B0BD54600C912B0 = {
						CreatedOnToolsVersion = 6.4;
					};
				};
			};
			buildConfigurationList = 844FCC87198B320500EB242A /* Build configuration list for PBXProject "SwiftCheck" */;
			compatibilityVersion = "Xcode 3.2";
			developmentRegion = English;
			hasScannedForEncodings = 0;
			knownRegions = (
				en,
			);
			mainGroup = 844FCC83198B320500EB242A;
			productRefGroup = 844FCC8E198B320500EB242A /* Products */;
			projectDirPath = "";
			projectRoot = "";
			targets = (
				844FCC8C198B320500EB242A /* SwiftCheck */,
				844FCC97198B320500EB242A /* SwiftCheckTests */,
				84DF75F71B0BD54600C912B0 /* SwiftCheck-iOS */,
				84DF76011B0BD54600C912B0 /* SwiftCheck-iOSTests */,
				8240CCB01C3A123600EF4D29 /* SwiftCheck-tvOS */,
				8240CCB91C3A123700EF4D29 /* SwiftCheck-tvOSTests */,
			);
		};
/* End PBXProject section */

/* Begin PBXResourcesBuildPhase section */
		8240CCAF1C3A123600EF4D29 /* Resources */ = {
			isa = PBXResourcesBuildPhase;
			buildActionMask = 2147483647;
			files = (
			);
			runOnlyForDeploymentPostprocessing = 0;
		};
		8240CCB81C3A123700EF4D29 /* Resources */ = {
			isa = PBXResourcesBuildPhase;
			buildActionMask = 2147483647;
			files = (
			);
			runOnlyForDeploymentPostprocessing = 0;
		};
		844FCC8B198B320500EB242A /* Resources */ = {
			isa = PBXResourcesBuildPhase;
			buildActionMask = 2147483647;
			files = (
			);
			runOnlyForDeploymentPostprocessing = 0;
		};
		844FCC96198B320500EB242A /* Resources */ = {
			isa = PBXResourcesBuildPhase;
			buildActionMask = 2147483647;
			files = (
			);
			runOnlyForDeploymentPostprocessing = 0;
		};
		84DF75F61B0BD54600C912B0 /* Resources */ = {
			isa = PBXResourcesBuildPhase;
			buildActionMask = 2147483647;
			files = (
			);
			runOnlyForDeploymentPostprocessing = 0;
		};
		84DF76001B0BD54600C912B0 /* Resources */ = {
			isa = PBXResourcesBuildPhase;
			buildActionMask = 2147483647;
			files = (
			);
			runOnlyForDeploymentPostprocessing = 0;
		};
/* End PBXResourcesBuildPhase section */

/* Begin PBXSourcesBuildPhase section */
		8240CCAC1C3A123600EF4D29 /* Sources */ = {
			isa = PBXSourcesBuildPhase;
			buildActionMask = 2147483647;
			files = (
				826D81721C953D070022266C /* Property.swift in Sources */,
				826D81691C953D070022266C /* Lattice.swift in Sources */,
				826D81751C953D070022266C /* Random.swift in Sources */,
				826D81841C953D070022266C /* Testable.swift in Sources */,
				826D816F1C953D070022266C /* Operators.swift in Sources */,
				826D818A1C953D070022266C /* Witness.swift in Sources */,
				826D815A1C953D070022266C /* Arbitrary.swift in Sources */,
				826D816C1C953D070022266C /* Modifiers.swift in Sources */,
				826D81811C953D070022266C /* Test.swift in Sources */,
				826D81871C953D070022266C /* TestOperators.swift in Sources */,
				826D81781C953D070022266C /* Rose.swift in Sources */,
				826D81601C953D070022266C /* CoArbitrary.swift in Sources */,
				826D81631C953D070022266C /* Gen.swift in Sources */,
				826D818D1C953D070022266C /* WitnessedArbitrary.swift in Sources */,
				826D817B1C953D070022266C /* State.swift in Sources */,
			);
			runOnlyForDeploymentPostprocessing = 0;
		};
		8240CCB61C3A123700EF4D29 /* Sources */ = {
			isa = PBXSourcesBuildPhase;
			buildActionMask = 2147483647;
			files = (
				826D819E1C953D2D0022266C /* BooleanIdentitySpec.swift in Sources */,
				826D81BF1C953D2D0022266C /* ShrinkSpec.swift in Sources */,
				826D81B91C953D2D0022266C /* ReplaySpec.swift in Sources */,
				826D81B31C953D2D0022266C /* PathSpec.swift in Sources */,
				826D81AD1C953D2D0022266C /* LambdaSpec.swift in Sources */,
				826D81BC1C953D2D0022266C /* RoseSpec.swift in Sources */,
				826D81AA1C953D2D0022266C /* GenSpec.swift in Sources */,
				826D81B01C953D2D0022266C /* ModifierSpec.swift in Sources */,
				826D81B61C953D2D0022266C /* PropertySpec.swift in Sources */,
				826D81A11C953D2D0022266C /* ComplexSpec.swift in Sources */,
				826D81A41C953D2D0022266C /* DiscardSpec.swift in Sources */,
				826D81A71C953D2D0022266C /* FailureSpec.swift in Sources */,
				826D81C51C953D2D0022266C /* TestSpec.swift in Sources */,
				080BE02D1CDAEA330043ACDE /* RawRepresentableSpec.swift in Sources */,
				826D81C21C953D2D0022266C /* SimpleSpec.swift in Sources */,
			);
			runOnlyForDeploymentPostprocessing = 0;
		};
		844FCC88198B320500EB242A /* Sources */ = {
			isa = PBXSourcesBuildPhase;
			buildActionMask = 2147483647;
			files = (
				826D81701C953D070022266C /* Property.swift in Sources */,
				826D81671C953D070022266C /* Lattice.swift in Sources */,
				826D81731C953D070022266C /* Random.swift in Sources */,
				826D81821C953D070022266C /* Testable.swift in Sources */,
				826D816D1C953D070022266C /* Operators.swift in Sources */,
				826D81881C953D070022266C /* Witness.swift in Sources */,
				826D81581C953D070022266C /* Arbitrary.swift in Sources */,
				826D816A1C953D070022266C /* Modifiers.swift in Sources */,
				826D817F1C953D070022266C /* Test.swift in Sources */,
				826D81851C953D070022266C /* TestOperators.swift in Sources */,
				826D81761C953D070022266C /* Rose.swift in Sources */,
				826D815E1C953D070022266C /* CoArbitrary.swift in Sources */,
				826D81611C953D070022266C /* Gen.swift in Sources */,
				826D818B1C953D070022266C /* WitnessedArbitrary.swift in Sources */,
				826D81791C953D070022266C /* State.swift in Sources */,
			);
			runOnlyForDeploymentPostprocessing = 0;
		};
		844FCC94198B320500EB242A /* Sources */ = {
			isa = PBXSourcesBuildPhase;
			buildActionMask = 2147483647;
			files = (
				826D819C1C953D2D0022266C /* BooleanIdentitySpec.swift in Sources */,
				826D81BD1C953D2D0022266C /* ShrinkSpec.swift in Sources */,
				826D81B71C953D2D0022266C /* ReplaySpec.swift in Sources */,
				826D81B11C953D2D0022266C /* PathSpec.swift in Sources */,
				826D81AB1C953D2D0022266C /* LambdaSpec.swift in Sources */,
				826D81BA1C953D2D0022266C /* RoseSpec.swift in Sources */,
				826D81A81C953D2D0022266C /* GenSpec.swift in Sources */,
				826D81AE1C953D2D0022266C /* ModifierSpec.swift in Sources */,
				826D81B41C953D2D0022266C /* PropertySpec.swift in Sources */,
				826D819F1C953D2D0022266C /* ComplexSpec.swift in Sources */,
				826D81A21C953D2D0022266C /* DiscardSpec.swift in Sources */,
				826D81A51C953D2D0022266C /* FailureSpec.swift in Sources */,
				826D81C31C953D2D0022266C /* TestSpec.swift in Sources */,
				080BE02B1CDAEA330043ACDE /* RawRepresentableSpec.swift in Sources */,
				826D81C01C953D2D0022266C /* SimpleSpec.swift in Sources */,
			);
			runOnlyForDeploymentPostprocessing = 0;
		};
		84DF75F31B0BD54600C912B0 /* Sources */ = {
			isa = PBXSourcesBuildPhase;
			buildActionMask = 2147483647;
			files = (
				826D81711C953D070022266C /* Property.swift in Sources */,
				826D81681C953D070022266C /* Lattice.swift in Sources */,
				826D81741C953D070022266C /* Random.swift in Sources */,
				826D81831C953D070022266C /* Testable.swift in Sources */,
				826D816E1C953D070022266C /* Operators.swift in Sources */,
				826D81891C953D070022266C /* Witness.swift in Sources */,
				826D81591C953D070022266C /* Arbitrary.swift in Sources */,
				826D816B1C953D070022266C /* Modifiers.swift in Sources */,
				826D81801C953D070022266C /* Test.swift in Sources */,
				826D81861C953D070022266C /* TestOperators.swift in Sources */,
				826D81771C953D070022266C /* Rose.swift in Sources */,
				826D815F1C953D070022266C /* CoArbitrary.swift in Sources */,
				826D81621C953D070022266C /* Gen.swift in Sources */,
				826D818C1C953D070022266C /* WitnessedArbitrary.swift in Sources */,
				826D817A1C953D070022266C /* State.swift in Sources */,
			);
			runOnlyForDeploymentPostprocessing = 0;
		};
		84DF75FE1B0BD54600C912B0 /* Sources */ = {
			isa = PBXSourcesBuildPhase;
			buildActionMask = 2147483647;
			files = (
				826D819D1C953D2D0022266C /* BooleanIdentitySpec.swift in Sources */,
				826D81BE1C953D2D0022266C /* ShrinkSpec.swift in Sources */,
				826D81B81C953D2D0022266C /* ReplaySpec.swift in Sources */,
				826D81B21C953D2D0022266C /* PathSpec.swift in Sources */,
				826D81AC1C953D2D0022266C /* LambdaSpec.swift in Sources */,
				826D81BB1C953D2D0022266C /* RoseSpec.swift in Sources */,
				826D81A91C953D2D0022266C /* GenSpec.swift in Sources */,
				826D81AF1C953D2D0022266C /* ModifierSpec.swift in Sources */,
				826D81B51C953D2D0022266C /* PropertySpec.swift in Sources */,
				826D81A01C953D2D0022266C /* ComplexSpec.swift in Sources */,
				826D81A31C953D2D0022266C /* DiscardSpec.swift in Sources */,
				826D81A61C953D2D0022266C /* FailureSpec.swift in Sources */,
				826D81C41C953D2D0022266C /* TestSpec.swift in Sources */,
				080BE02C1CDAEA330043ACDE /* RawRepresentableSpec.swift in Sources */,
				826D81C11C953D2D0022266C /* SimpleSpec.swift in Sources */,
			);
			runOnlyForDeploymentPostprocessing = 0;
		};
/* End PBXSourcesBuildPhase section */

/* Begin PBXTargetDependency section */
		8240CCBD1C3A123700EF4D29 /* PBXTargetDependency */ = {
			isa = PBXTargetDependency;
			target = 8240CCB01C3A123600EF4D29 /* SwiftCheck-tvOS */;
			targetProxy = 8240CCBC1C3A123700EF4D29 /* PBXContainerItemProxy */;
		};
		844FCC9B198B320500EB242A /* PBXTargetDependency */ = {
			isa = PBXTargetDependency;
			target = 844FCC8C198B320500EB242A /* SwiftCheck */;
			targetProxy = 844FCC9A198B320500EB242A /* PBXContainerItemProxy */;
		};
		84DF76051B0BD54600C912B0 /* PBXTargetDependency */ = {
			isa = PBXTargetDependency;
			target = 84DF75F71B0BD54600C912B0 /* SwiftCheck-iOS */;
			targetProxy = 84DF76041B0BD54600C912B0 /* PBXContainerItemProxy */;
		};
/* End PBXTargetDependency section */

/* Begin XCBuildConfiguration section */
		8240CCC21C3A123700EF4D29 /* Debug */ = {
			isa = XCBuildConfiguration;
			buildSettings = {
				CODE_SIGN_IDENTITY = "iPhone Developer";
				"CODE_SIGN_IDENTITY[sdk=appletvsimulator*]" = "";
				DEBUG_INFORMATION_FORMAT = dwarf;
				DEFINES_MODULE = YES;
				DYLIB_COMPATIBILITY_VERSION = 1;
				DYLIB_CURRENT_VERSION = 1;
				DYLIB_INSTALL_NAME_BASE = "@rpath";
				FRAMEWORK_SEARCH_PATHS = (
					"$(PLATFORM_DIR)/Developer/Library/Frameworks",
					"$(inherited)",
				);
				GCC_NO_COMMON_BLOCKS = YES;
				INFOPLIST_FILE = Sources/Info.plist;
				INSTALL_PATH = "$(LOCAL_LIBRARY_DIR)/Frameworks";
				IPHONEOS_DEPLOYMENT_TARGET = 8.0;
				LD_RUNPATH_SEARCH_PATHS = "$(inherited) @executable_path/Frameworks @loader_path/Frameworks";
				PRODUCT_BUNDLE_IDENTIFIER = com.typelift.SwiftCheck;
				PRODUCT_NAME = SwiftCheck;
				SDKROOT = appletvos;
				SKIP_INSTALL = YES;
				SWIFT_INSTALL_OBJC_HEADER = NO;
				SWIFT_OBJC_INTERFACE_HEADER_NAME = "";
				SWIFT_VERSION = 2.3;
				TARGETED_DEVICE_FAMILY = 3;
				TVOS_DEPLOYMENT_TARGET = 9.0;
				WATCHOS_DEPLOYMENT_TARGET = 2.0;
			};
			name = Debug;
		};
		8240CCC31C3A123700EF4D29 /* Release */ = {
			isa = XCBuildConfiguration;
			buildSettings = {
				CODE_SIGN_IDENTITY = "iPhone Developer";
				"CODE_SIGN_IDENTITY[sdk=appletvsimulator*]" = "";
				COPY_PHASE_STRIP = NO;
				DEFINES_MODULE = YES;
				DYLIB_COMPATIBILITY_VERSION = 1;
				DYLIB_CURRENT_VERSION = 1;
				DYLIB_INSTALL_NAME_BASE = "@rpath";
				FRAMEWORK_SEARCH_PATHS = (
					"$(PLATFORM_DIR)/Developer/Library/Frameworks",
					"$(inherited)",
				);
				GCC_NO_COMMON_BLOCKS = YES;
				INFOPLIST_FILE = Sources/Info.plist;
				INSTALL_PATH = "$(LOCAL_LIBRARY_DIR)/Frameworks";
				IPHONEOS_DEPLOYMENT_TARGET = 8.0;
				LD_RUNPATH_SEARCH_PATHS = "$(inherited) @executable_path/Frameworks @loader_path/Frameworks";
				PRODUCT_BUNDLE_IDENTIFIER = com.typelift.SwiftCheck;
				PRODUCT_NAME = SwiftCheck;
				SDKROOT = appletvos;
				SKIP_INSTALL = YES;
				SWIFT_INSTALL_OBJC_HEADER = NO;
				SWIFT_OBJC_INTERFACE_HEADER_NAME = "";
				SWIFT_OPTIMIZATION_LEVEL = "-Owholemodule";
				SWIFT_VERSION = 2.3;
				TARGETED_DEVICE_FAMILY = 3;
				TVOS_DEPLOYMENT_TARGET = 9.0;
				VALIDATE_PRODUCT = YES;
				WATCHOS_DEPLOYMENT_TARGET = 2.0;
			};
			name = Release;
		};
		8240CCC41C3A123700EF4D29 /* Debug */ = {
			isa = XCBuildConfiguration;
			buildSettings = {
				CLANG_ENABLE_MODULES = YES;
				DEBUG_INFORMATION_FORMAT = dwarf;
				GCC_NO_COMMON_BLOCKS = YES;
				INFOPLIST_FILE = Tests/Info.plist;
				LD_RUNPATH_SEARCH_PATHS = "$(inherited) @executable_path/Frameworks @loader_path/Frameworks";
				PRODUCT_BUNDLE_IDENTIFIER = "com.typelift.SwiftCheck-tvOSTests";
				PRODUCT_NAME = "$(TARGET_NAME)";
				SDKROOT = appletvos;
				SWIFT_OPTIMIZATION_LEVEL = "-Onone";
				SWIFT_VERSION = 2.3;
				TVOS_DEPLOYMENT_TARGET = 9.0;
			};
			name = Debug;
		};
		8240CCC51C3A123700EF4D29 /* Release */ = {
			isa = XCBuildConfiguration;
			buildSettings = {
				CLANG_ENABLE_MODULES = YES;
				COPY_PHASE_STRIP = NO;
				GCC_NO_COMMON_BLOCKS = YES;
				INFOPLIST_FILE = Tests/Info.plist;
				LD_RUNPATH_SEARCH_PATHS = "$(inherited) @executable_path/Frameworks @loader_path/Frameworks";
				PRODUCT_BUNDLE_IDENTIFIER = "com.typelift.SwiftCheck-tvOSTests";
				PRODUCT_NAME = "$(TARGET_NAME)";
				SDKROOT = appletvos;
				SWIFT_OPTIMIZATION_LEVEL = "-Owholemodule";
				SWIFT_VERSION = 2.3;
				TVOS_DEPLOYMENT_TARGET = 9.0;
				VALIDATE_PRODUCT = YES;
			};
			name = Release;
		};
		844FCCA1198B320500EB242A /* Debug */ = {
			isa = XCBuildConfiguration;
			buildSettings = {
				ALWAYS_SEARCH_USER_PATHS = NO;
				CLANG_CXX_LANGUAGE_STANDARD = "gnu++0x";
				CLANG_CXX_LIBRARY = "libc++";
				CLANG_ENABLE_MODULES = YES;
				CLANG_ENABLE_OBJC_ARC = YES;
				CLANG_WARN_BOOL_CONVERSION = YES;
				CLANG_WARN_CONSTANT_CONVERSION = YES;
				CLANG_WARN_DIRECT_OBJC_ISA_USAGE = YES_ERROR;
				CLANG_WARN_EMPTY_BODY = YES;
				CLANG_WARN_ENUM_CONVERSION = YES;
				CLANG_WARN_INT_CONVERSION = YES;
				CLANG_WARN_OBJC_ROOT_CLASS = YES_ERROR;
				CLANG_WARN_UNREACHABLE_CODE = YES;
				CLANG_WARN__DUPLICATE_METHOD_MATCH = YES;
				COPY_PHASE_STRIP = NO;
				CURRENT_PROJECT_VERSION = 1;
				ENABLE_STRICT_OBJC_MSGSEND = YES;
				ENABLE_TESTABILITY = YES;
				GCC_C_LANGUAGE_STANDARD = gnu99;
				GCC_DYNAMIC_NO_PIC = NO;
				GCC_NO_COMMON_BLOCKS = YES;
				GCC_OPTIMIZATION_LEVEL = 0;
				GCC_PREPROCESSOR_DEFINITIONS = (
					"DEBUG=1",
					"$(inherited)",
				);
				GCC_SYMBOLS_PRIVATE_EXTERN = NO;
				GCC_WARN_64_TO_32_BIT_CONVERSION = YES;
				GCC_WARN_ABOUT_RETURN_TYPE = YES_ERROR;
				GCC_WARN_UNDECLARED_SELECTOR = YES;
				GCC_WARN_UNINITIALIZED_AUTOS = YES_AGGRESSIVE;
				GCC_WARN_UNUSED_FUNCTION = YES;
				GCC_WARN_UNUSED_VARIABLE = YES;
				MACOSX_DEPLOYMENT_TARGET = 10.9;
				MTL_ENABLE_DEBUG_INFO = YES;
				ONLY_ACTIVE_ARCH = YES;
				SDKROOT = macosx;
				SWIFT_OPTIMIZATION_LEVEL = "-Onone";
				VERSIONING_SYSTEM = "apple-generic";
				VERSION_INFO_PREFIX = "";
			};
			name = Debug;
		};
		844FCCA2198B320500EB242A /* Release */ = {
			isa = XCBuildConfiguration;
			buildSettings = {
				ALWAYS_SEARCH_USER_PATHS = NO;
				CLANG_CXX_LANGUAGE_STANDARD = "gnu++0x";
				CLANG_CXX_LIBRARY = "libc++";
				CLANG_ENABLE_MODULES = YES;
				CLANG_ENABLE_OBJC_ARC = YES;
				CLANG_WARN_BOOL_CONVERSION = YES;
				CLANG_WARN_CONSTANT_CONVERSION = YES;
				CLANG_WARN_DIRECT_OBJC_ISA_USAGE = YES_ERROR;
				CLANG_WARN_EMPTY_BODY = YES;
				CLANG_WARN_ENUM_CONVERSION = YES;
				CLANG_WARN_INT_CONVERSION = YES;
				CLANG_WARN_OBJC_ROOT_CLASS = YES_ERROR;
				CLANG_WARN_UNREACHABLE_CODE = YES;
				CLANG_WARN__DUPLICATE_METHOD_MATCH = YES;
				COPY_PHASE_STRIP = YES;
				CURRENT_PROJECT_VERSION = 1;
				DEBUG_INFORMATION_FORMAT = "dwarf-with-dsym";
				ENABLE_NS_ASSERTIONS = NO;
				ENABLE_STRICT_OBJC_MSGSEND = YES;
				GCC_C_LANGUAGE_STANDARD = gnu99;
				GCC_NO_COMMON_BLOCKS = YES;
				GCC_WARN_64_TO_32_BIT_CONVERSION = YES;
				GCC_WARN_ABOUT_RETURN_TYPE = YES_ERROR;
				GCC_WARN_UNDECLARED_SELECTOR = YES;
				GCC_WARN_UNINITIALIZED_AUTOS = YES_AGGRESSIVE;
				GCC_WARN_UNUSED_FUNCTION = YES;
				GCC_WARN_UNUSED_VARIABLE = YES;
				MACOSX_DEPLOYMENT_TARGET = 10.9;
				MTL_ENABLE_DEBUG_INFO = NO;
				SDKROOT = macosx;
				VERSIONING_SYSTEM = "apple-generic";
				VERSION_INFO_PREFIX = "";
			};
			name = Release;
		};
		844FCCA4198B320500EB242A /* Debug */ = {
			isa = XCBuildConfiguration;
			buildSettings = {
				CLANG_DEBUG_INFORMATION_LEVEL = default;
				CLANG_ENABLE_MODULES = YES;
				COMBINE_HIDPI_IMAGES = YES;
				DEBUG_INFORMATION_FORMAT = "dwarf-with-dsym";
				DEFINES_MODULE = YES;
				DYLIB_COMPATIBILITY_VERSION = 1;
				DYLIB_CURRENT_VERSION = 1;
				DYLIB_INSTALL_NAME_BASE = "@rpath";
				FRAMEWORK_SEARCH_PATHS = (
					"$(PLATFORM_DIR)/Developer/Library/Frameworks",
					"$(inherited)",
				);
				FRAMEWORK_VERSION = A;
				INFOPLIST_FILE = Sources/Info.plist;
				INSTALL_PATH = "$(LOCAL_LIBRARY_DIR)/Frameworks";
				LD_RUNPATH_SEARCH_PATHS = "$(inherited) @executable_path/../Frameworks @loader_path/Frameworks";
				OTHER_LDFLAGS = (
					"-framework",
					XCTest,
				);
				OTHER_SWIFT_FLAGS = "";
				PRODUCT_BUNDLE_IDENTIFIER = "com.codafi.$(PRODUCT_NAME:rfc1034identifier)";
				PRODUCT_NAME = "$(TARGET_NAME)";
				SKIP_INSTALL = YES;
				SWIFT_INSTALL_OBJC_HEADER = NO;
				SWIFT_OBJC_INTERFACE_HEADER_NAME = "";
				SWIFT_OPTIMIZATION_LEVEL = "-Onone";
				SWIFT_VERSION = 2.3;
			};
			name = Debug;
		};
		844FCCA5198B320500EB242A /* Release */ = {
			isa = XCBuildConfiguration;
			buildSettings = {
				CLANG_DEBUG_INFORMATION_LEVEL = default;
				CLANG_ENABLE_MODULES = YES;
				COMBINE_HIDPI_IMAGES = YES;
				DEBUG_INFORMATION_FORMAT = "dwarf-with-dsym";
				DEFINES_MODULE = YES;
				DYLIB_COMPATIBILITY_VERSION = 1;
				DYLIB_CURRENT_VERSION = 1;
				DYLIB_INSTALL_NAME_BASE = "@rpath";
				FRAMEWORK_SEARCH_PATHS = (
					"$(PLATFORM_DIR)/Developer/Library/Frameworks",
					"$(inherited)",
				);
				FRAMEWORK_VERSION = A;
				INFOPLIST_FILE = Sources/Info.plist;
				INSTALL_PATH = "$(LOCAL_LIBRARY_DIR)/Frameworks";
				LD_RUNPATH_SEARCH_PATHS = "$(inherited) @executable_path/../Frameworks @loader_path/Frameworks";
				OTHER_LDFLAGS = (
					"-framework",
					XCTest,
				);
				OTHER_SWIFT_FLAGS = "";
				PRODUCT_BUNDLE_IDENTIFIER = "com.codafi.$(PRODUCT_NAME:rfc1034identifier)";
				PRODUCT_NAME = "$(TARGET_NAME)";
				SKIP_INSTALL = YES;
				SWIFT_INSTALL_OBJC_HEADER = NO;
				SWIFT_OBJC_INTERFACE_HEADER_NAME = "";
				SWIFT_OPTIMIZATION_LEVEL = "-Owholemodule";
				SWIFT_VERSION = 2.3;
			};
			name = Release;
		};
		844FCCA7198B320500EB242A /* Debug */ = {
			isa = XCBuildConfiguration;
			buildSettings = {
				CLANG_ENABLE_MODULES = YES;
				COMBINE_HIDPI_IMAGES = YES;
				FRAMEWORK_SEARCH_PATHS = (
					"$(DEVELOPER_FRAMEWORKS_DIR)",
					"$(inherited)",
				);
				GCC_PREPROCESSOR_DEFINITIONS = (
					"DEBUG=1",
					"$(inherited)",
				);
				INFOPLIST_FILE = Tests/Info.plist;
				LD_RUNPATH_SEARCH_PATHS = "$(inherited) @executable_path/../Frameworks @loader_path/../Frameworks";
				PRODUCT_BUNDLE_IDENTIFIER = "com.codafi.$(PRODUCT_NAME:rfc1034identifier)";
				PRODUCT_NAME = "$(TARGET_NAME)";
				SWIFT_OPTIMIZATION_LEVEL = "-Onone";
				SWIFT_VERSION = 2.3;
			};
			name = Debug;
		};
		844FCCA8198B320500EB242A /* Release */ = {
			isa = XCBuildConfiguration;
			buildSettings = {
				CLANG_ENABLE_MODULES = YES;
				COMBINE_HIDPI_IMAGES = YES;
				FRAMEWORK_SEARCH_PATHS = (
					"$(DEVELOPER_FRAMEWORKS_DIR)",
					"$(inherited)",
				);
				GCC_OPTIMIZATION_LEVEL = s;
				INFOPLIST_FILE = Tests/Info.plist;
				LD_RUNPATH_SEARCH_PATHS = "$(inherited) @executable_path/../Frameworks @loader_path/../Frameworks";
				PRODUCT_BUNDLE_IDENTIFIER = "com.codafi.$(PRODUCT_NAME:rfc1034identifier)";
				PRODUCT_NAME = "$(TARGET_NAME)";
				SWIFT_OPTIMIZATION_LEVEL = "-Owholemodule";
				SWIFT_VERSION = 2.3;
			};
			name = Release;
		};
		84DF760C1B0BD54600C912B0 /* Debug */ = {
			isa = XCBuildConfiguration;
			buildSettings = {
				"CODE_SIGN_IDENTITY[sdk=iphoneos*]" = "iPhone Developer";
				DEBUG_INFORMATION_FORMAT = "dwarf-with-dsym";
				DEFINES_MODULE = YES;
				DYLIB_COMPATIBILITY_VERSION = 1;
				DYLIB_CURRENT_VERSION = 1;
				DYLIB_INSTALL_NAME_BASE = "@rpath";
				ENABLE_BITCODE = NO;
				FRAMEWORK_SEARCH_PATHS = (
					"$(PLATFORM_DIR)/Developer/Library/Frameworks",
					"$(inherited)",
				);
				GCC_NO_COMMON_BLOCKS = YES;
				GCC_PREPROCESSOR_DEFINITIONS = (
					"DEBUG=1",
					"$(inherited)",
				);
				INFOPLIST_FILE = Sources/Info.plist;
				INSTALL_PATH = "$(LOCAL_LIBRARY_DIR)/Frameworks";
				IPHONEOS_DEPLOYMENT_TARGET = 8.0;
				LD_RUNPATH_SEARCH_PATHS = "$(inherited) @executable_path/Frameworks @loader_path/Frameworks";
				OTHER_SWIFT_FLAGS = "";
				PRODUCT_BUNDLE_IDENTIFIER = "com.codafi.$(PRODUCT_NAME:rfc1034identifier)";
				PRODUCT_NAME = SwiftCheck;
				SDKROOT = iphoneos;
				SKIP_INSTALL = YES;
				SUPPORTED_PLATFORMS = "iphonesimulator iphoneos appletvsimulator appletvos";
				SWIFT_INSTALL_OBJC_HEADER = NO;
				SWIFT_OBJC_INTERFACE_HEADER_NAME = "";
				SWIFT_VERSION = 2.3;
				TARGETED_DEVICE_FAMILY = "1,2,3";
				TVOS_DEPLOYMENT_TARGET = 9.0;
				WATCHOS_DEPLOYMENT_TARGET = 2.0;
			};
			name = Debug;
		};
		84DF760D1B0BD54600C912B0 /* Release */ = {
			isa = XCBuildConfiguration;
			buildSettings = {
				"CODE_SIGN_IDENTITY[sdk=iphoneos*]" = "iPhone Developer";
				COPY_PHASE_STRIP = NO;
				DEFINES_MODULE = YES;
				DYLIB_COMPATIBILITY_VERSION = 1;
				DYLIB_CURRENT_VERSION = 1;
				DYLIB_INSTALL_NAME_BASE = "@rpath";
				ENABLE_BITCODE = NO;
				FRAMEWORK_SEARCH_PATHS = (
					"$(PLATFORM_DIR)/Developer/Library/Frameworks",
					"$(inherited)",
				);
				GCC_NO_COMMON_BLOCKS = YES;
				INFOPLIST_FILE = Sources/Info.plist;
				INSTALL_PATH = "$(LOCAL_LIBRARY_DIR)/Frameworks";
				IPHONEOS_DEPLOYMENT_TARGET = 8.0;
				LD_RUNPATH_SEARCH_PATHS = "$(inherited) @executable_path/Frameworks @loader_path/Frameworks";
				OTHER_SWIFT_FLAGS = "";
				PRODUCT_BUNDLE_IDENTIFIER = "com.codafi.$(PRODUCT_NAME:rfc1034identifier)";
				PRODUCT_NAME = SwiftCheck;
				SDKROOT = iphoneos;
				SKIP_INSTALL = YES;
				SUPPORTED_PLATFORMS = "iphonesimulator iphoneos appletvsimulator appletvos";
				SWIFT_INSTALL_OBJC_HEADER = NO;
				SWIFT_OBJC_INTERFACE_HEADER_NAME = "";
				SWIFT_OPTIMIZATION_LEVEL = "-Owholemodule";
				SWIFT_VERSION = 2.3;
				TARGETED_DEVICE_FAMILY = "1,2,3";
				TVOS_DEPLOYMENT_TARGET = 9.0;
				VALIDATE_PRODUCT = YES;
				WATCHOS_DEPLOYMENT_TARGET = 2.0;
			};
			name = Release;
		};
		84DF760F1B0BD54600C912B0 /* Debug */ = {
			isa = XCBuildConfiguration;
			buildSettings = {
				CLANG_ENABLE_MODULES = YES;
				"CODE_SIGN_IDENTITY[sdk=iphoneos*]" = "iPhone Developer";
				DEBUG_INFORMATION_FORMAT = "dwarf-with-dsym";
				FRAMEWORK_SEARCH_PATHS = "$(inherited)";
				GCC_NO_COMMON_BLOCKS = YES;
				GCC_PREPROCESSOR_DEFINITIONS = (
					"DEBUG=1",
					"$(inherited)",
				);
				INFOPLIST_FILE = Tests/Info.plist;
				IPHONEOS_DEPLOYMENT_TARGET = 8.3;
				LD_RUNPATH_SEARCH_PATHS = "$(inherited) @executable_path/Frameworks @loader_path/Frameworks";
				PRODUCT_BUNDLE_IDENTIFIER = "com.codafi.$(PRODUCT_NAME:rfc1034identifier)";
				PRODUCT_NAME = "$(TARGET_NAME)";
				SDKROOT = iphoneos;
				SUPPORTED_PLATFORMS = "iphonesimulator iphoneos appletvsimulator appletvos";
				SWIFT_OPTIMIZATION_LEVEL = "-Onone";
				SWIFT_VERSION = 2.3;
			};
			name = Debug;
		};
		84DF76101B0BD54600C912B0 /* Release */ = {
			isa = XCBuildConfiguration;
			buildSettings = {
				CLANG_ENABLE_MODULES = YES;
				"CODE_SIGN_IDENTITY[sdk=iphoneos*]" = "iPhone Developer";
				COPY_PHASE_STRIP = NO;
				FRAMEWORK_SEARCH_PATHS = "$(inherited)";
				GCC_NO_COMMON_BLOCKS = YES;
				INFOPLIST_FILE = Tests/Info.plist;
				IPHONEOS_DEPLOYMENT_TARGET = 8.3;
				LD_RUNPATH_SEARCH_PATHS = "$(inherited) @executable_path/Frameworks @loader_path/Frameworks";
				PRODUCT_BUNDLE_IDENTIFIER = "com.codafi.$(PRODUCT_NAME:rfc1034identifier)";
				PRODUCT_NAME = "$(TARGET_NAME)";
				SDKROOT = iphoneos;
				SUPPORTED_PLATFORMS = "iphonesimulator iphoneos appletvsimulator appletvos";
				SWIFT_OPTIMIZATION_LEVEL = "-Owholemodule";
				SWIFT_VERSION = 2.3;
				VALIDATE_PRODUCT = YES;
			};
			name = Release;
		};
/* End XCBuildConfiguration section */

/* Begin XCConfigurationList section */
		8240CCC61C3A123700EF4D29 /* Build configuration list for PBXNativeTarget "SwiftCheck-tvOS" */ = {
			isa = XCConfigurationList;
			buildConfigurations = (
				8240CCC21C3A123700EF4D29 /* Debug */,
				8240CCC31C3A123700EF4D29 /* Release */,
			);
			defaultConfigurationIsVisible = 0;
			defaultConfigurationName = Release;
		};
		8240CCC71C3A123700EF4D29 /* Build configuration list for PBXNativeTarget "SwiftCheck-tvOSTests" */ = {
			isa = XCConfigurationList;
			buildConfigurations = (
				8240CCC41C3A123700EF4D29 /* Debug */,
				8240CCC51C3A123700EF4D29 /* Release */,
			);
			defaultConfigurationIsVisible = 0;
			defaultConfigurationName = Release;
		};
		844FCC87198B320500EB242A /* Build configuration list for PBXProject "SwiftCheck" */ = {
			isa = XCConfigurationList;
			buildConfigurations = (
				844FCCA1198B320500EB242A /* Debug */,
				844FCCA2198B320500EB242A /* Release */,
			);
			defaultConfigurationIsVisible = 0;
			defaultConfigurationName = Release;
		};
		844FCCA3198B320500EB242A /* Build configuration list for PBXNativeTarget "SwiftCheck" */ = {
			isa = XCConfigurationList;
			buildConfigurations = (
				844FCCA4198B320500EB242A /* Debug */,
				844FCCA5198B320500EB242A /* Release */,
			);
			defaultConfigurationIsVisible = 0;
			defaultConfigurationName = Release;
		};
		844FCCA6198B320500EB242A /* Build configuration list for PBXNativeTarget "SwiftCheckTests" */ = {
			isa = XCConfigurationList;
			buildConfigurations = (
				844FCCA7198B320500EB242A /* Debug */,
				844FCCA8198B320500EB242A /* Release */,
			);
			defaultConfigurationIsVisible = 0;
			defaultConfigurationName = Release;
		};
		84DF760B1B0BD54600C912B0 /* Build configuration list for PBXNativeTarget "SwiftCheck-iOS" */ = {
			isa = XCConfigurationList;
			buildConfigurations = (
				84DF760C1B0BD54600C912B0 /* Debug */,
				84DF760D1B0BD54600C912B0 /* Release */,
			);
			defaultConfigurationIsVisible = 0;
			defaultConfigurationName = Release;
		};
		84DF760E1B0BD54600C912B0 /* Build configuration list for PBXNativeTarget "SwiftCheck-iOSTests" */ = {
			isa = XCConfigurationList;
			buildConfigurations = (
				84DF760F1B0BD54600C912B0 /* Debug */,
				84DF76101B0BD54600C912B0 /* Release */,
			);
			defaultConfigurationIsVisible = 0;
			defaultConfigurationName = Release;
		};
/* End XCConfigurationList section */
	};
	rootObject = 844FCC84198B320500EB242A /* Project object */;
}
