// !$*UTF8*$!
{
	archiveVersion = 1;
	classes = {
	};
	objectVersion = 46;
	objects = {

/* Begin PBXBuildFile section */
		843DF9AF19A8524D00BDFDB1 /* Witness.swift in Sources */ = {isa = PBXBuildFile; fileRef = 843DF9AE19A8524D00BDFDB1 /* Witness.swift */; };
		844FCC93198B320500EB242A /* SwiftCheck.h in Headers */ = {isa = PBXBuildFile; fileRef = 844FCC92198B320500EB242A /* SwiftCheck.h */; settings = {ATTRIBUTES = (Public, ); }; };
		844FCC99198B320500EB242A /* SwiftCheck.framework in Frameworks */ = {isa = PBXBuildFile; fileRef = 844FCC8D198B320500EB242A /* SwiftCheck.framework */; };
		844FCCA0198B320500EB242A /* SwiftCheckTests.swift in Sources */ = {isa = PBXBuildFile; fileRef = 844FCC9F198B320500EB242A /* SwiftCheckTests.swift */; };
		844FCCAA198B323800EB242A /* Arbitrary.swift in Sources */ = {isa = PBXBuildFile; fileRef = 844FCCA9198B323800EB242A /* Arbitrary.swift */; };
		844FCCAC198B32DC00EB242A /* Gen.swift in Sources */ = {isa = PBXBuildFile; fileRef = 844FCCAB198B32DC00EB242A /* Gen.swift */; };
		844FCCAE198B367000EB242A /* Property.swift in Sources */ = {isa = PBXBuildFile; fileRef = 844FCCAD198B367000EB242A /* Property.swift */; };
		844FCCB0198B36BE00EB242A /* Test.swift in Sources */ = {isa = PBXBuildFile; fileRef = 844FCCAF198B36BE00EB242A /* Test.swift */; };
		844FCCB2198B375300EB242A /* Maybe.swift in Sources */ = {isa = PBXBuildFile; fileRef = 844FCCB1198B375300EB242A /* Maybe.swift */; };
		844FCCB4198B39F300EB242A /* State.swift in Sources */ = {isa = PBXBuildFile; fileRef = 844FCCB3198B39F300EB242A /* State.swift */; };
		844FCCB6198B3C0A00EB242A /* Functor.swift in Sources */ = {isa = PBXBuildFile; fileRef = 844FCCB5198B3C0A00EB242A /* Functor.swift */; };
		844FCCB8198B3DB500EB242A /* Monad.swift in Sources */ = {isa = PBXBuildFile; fileRef = 844FCCB7198B3DB500EB242A /* Monad.swift */; };
		844FCCBA198B3DC800EB242A /* Applicative.swift in Sources */ = {isa = PBXBuildFile; fileRef = 844FCCB9198B3DC800EB242A /* Applicative.swift */; };
		844FCCBC198B405000EB242A /* IO.swift in Sources */ = {isa = PBXBuildFile; fileRef = 844FCCBB198B405000EB242A /* IO.swift */; };
		844FCCBE198D9F9B00EB242A /* ST.swift in Sources */ = {isa = PBXBuildFile; fileRef = 844FCCBD198D9F9B00EB242A /* ST.swift */; };
		844FCCC1198EB4CA00EB242A /* Array.swift in Sources */ = {isa = PBXBuildFile; fileRef = 844FCCC0198EB4CA00EB242A /* Array.swift */; };
		844FCCC3198EC4F000EB242A /* Random.swift in Sources */ = {isa = PBXBuildFile; fileRef = 844FCCC2198EC4F000EB242A /* Random.swift */; };
		844FCCC5198ECC4D00EB242A /* IORef.swift in Sources */ = {isa = PBXBuildFile; fileRef = 844FCCC4198ECC4D00EB242A /* IORef.swift */; };
		844FCCC7198EFB4700EB242A /* Rose.swift in Sources */ = {isa = PBXBuildFile; fileRef = 844FCCC6198EFB4700EB242A /* Rose.swift */; };
		844FCCC9198EFF9B00EB242A /* SimpleSpec.swift in Sources */ = {isa = PBXBuildFile; fileRef = 844FCCC8198EFF9B00EB242A /* SimpleSpec.swift */; };
		844FCCCF198F24CF00EB242A /* Combinators.swift in Sources */ = {isa = PBXBuildFile; fileRef = 844FCCCE198F24CF00EB242A /* Combinators.swift */; };
		8478A382198F2F1C00033523 /* Copointed.swift in Sources */ = {isa = PBXBuildFile; fileRef = 8478A381198F2F1C00033523 /* Copointed.swift */; };
		8478A384198F2F4A00033523 /* Comonad.swift in Sources */ = {isa = PBXBuildFile; fileRef = 8478A383198F2F4A00033523 /* Comonad.swift */; };
		847E498119971693001975E5 /* Box.swift in Sources */ = {isa = PBXBuildFile; fileRef = 847E498019971693001975E5 /* Box.swift */; };
		84AB429319AD8D93000B345C /* BelieveMe.swift in Sources */ = {isa = PBXBuildFile; fileRef = 84AB429219AD8D93000B345C /* BelieveMe.swift */; };
		84B7975E19A5511200BB1852 /* STRef.swift in Sources */ = {isa = PBXBuildFile; fileRef = 84B7975D19A5511200BB1852 /* STRef.swift */; };
/* End PBXBuildFile section */

/* Begin PBXContainerItemProxy section */
		844FCC9A198B320500EB242A /* PBXContainerItemProxy */ = {
			isa = PBXContainerItemProxy;
			containerPortal = 844FCC84198B320500EB242A /* Project object */;
			proxyType = 1;
			remoteGlobalIDString = 844FCC8C198B320500EB242A;
			remoteInfo = SwiftCheck;
		};
/* End PBXContainerItemProxy section */

/* Begin PBXFileReference section */
		843DF9AE19A8524D00BDFDB1 /* Witness.swift */ = {isa = PBXFileReference; fileEncoding = 4; lastKnownFileType = sourcecode.swift; path = Witness.swift; sourceTree = "<group>"; };
		844FCC8D198B320500EB242A /* SwiftCheck.framework */ = {isa = PBXFileReference; explicitFileType = wrapper.framework; includeInIndex = 0; path = SwiftCheck.framework; sourceTree = BUILT_PRODUCTS_DIR; };
		844FCC91198B320500EB242A /* Info.plist */ = {isa = PBXFileReference; lastKnownFileType = text.plist.xml; path = Info.plist; sourceTree = "<group>"; };
		844FCC92198B320500EB242A /* SwiftCheck.h */ = {isa = PBXFileReference; lastKnownFileType = sourcecode.c.h; path = SwiftCheck.h; sourceTree = "<group>"; };
		844FCC98198B320500EB242A /* SwiftCheckTests.xctest */ = {isa = PBXFileReference; explicitFileType = wrapper.cfbundle; includeInIndex = 0; path = SwiftCheckTests.xctest; sourceTree = BUILT_PRODUCTS_DIR; };
		844FCC9E198B320500EB242A /* Info.plist */ = {isa = PBXFileReference; lastKnownFileType = text.plist.xml; path = Info.plist; sourceTree = "<group>"; };
		844FCC9F198B320500EB242A /* SwiftCheckTests.swift */ = {isa = PBXFileReference; lastKnownFileType = sourcecode.swift; path = SwiftCheckTests.swift; sourceTree = "<group>"; };
		844FCCA9198B323800EB242A /* Arbitrary.swift */ = {isa = PBXFileReference; fileEncoding = 4; lastKnownFileType = sourcecode.swift; path = Arbitrary.swift; sourceTree = "<group>"; };
		844FCCAB198B32DC00EB242A /* Gen.swift */ = {isa = PBXFileReference; fileEncoding = 4; lastKnownFileType = sourcecode.swift; path = Gen.swift; sourceTree = "<group>"; };
		844FCCAD198B367000EB242A /* Property.swift */ = {isa = PBXFileReference; fileEncoding = 4; lastKnownFileType = sourcecode.swift; path = Property.swift; sourceTree = "<group>"; };
		844FCCAF198B36BE00EB242A /* Test.swift */ = {isa = PBXFileReference; fileEncoding = 4; lastKnownFileType = sourcecode.swift; path = Test.swift; sourceTree = "<group>"; };
		844FCCB1198B375300EB242A /* Maybe.swift */ = {isa = PBXFileReference; fileEncoding = 4; lastKnownFileType = sourcecode.swift; path = Maybe.swift; sourceTree = "<group>"; };
		844FCCB3198B39F300EB242A /* State.swift */ = {isa = PBXFileReference; fileEncoding = 4; lastKnownFileType = sourcecode.swift; path = State.swift; sourceTree = "<group>"; };
		844FCCB5198B3C0A00EB242A /* Functor.swift */ = {isa = PBXFileReference; fileEncoding = 4; lastKnownFileType = sourcecode.swift; path = Functor.swift; sourceTree = "<group>"; };
		844FCCB7198B3DB500EB242A /* Monad.swift */ = {isa = PBXFileReference; fileEncoding = 4; lastKnownFileType = sourcecode.swift; path = Monad.swift; sourceTree = "<group>"; };
		844FCCB9198B3DC800EB242A /* Applicative.swift */ = {isa = PBXFileReference; fileEncoding = 4; lastKnownFileType = sourcecode.swift; path = Applicative.swift; sourceTree = "<group>"; };
		844FCCBB198B405000EB242A /* IO.swift */ = {isa = PBXFileReference; fileEncoding = 4; lastKnownFileType = sourcecode.swift; path = IO.swift; sourceTree = "<group>"; };
		844FCCBD198D9F9B00EB242A /* ST.swift */ = {isa = PBXFileReference; fileEncoding = 4; lastKnownFileType = sourcecode.swift; path = ST.swift; sourceTree = "<group>"; };
		844FCCC0198EB4CA00EB242A /* Array.swift */ = {isa = PBXFileReference; fileEncoding = 4; lastKnownFileType = sourcecode.swift; path = Array.swift; sourceTree = "<group>"; };
		844FCCC2198EC4F000EB242A /* Random.swift */ = {isa = PBXFileReference; fileEncoding = 4; lastKnownFileType = sourcecode.swift; path = Random.swift; sourceTree = "<group>"; };
		844FCCC4198ECC4D00EB242A /* IORef.swift */ = {isa = PBXFileReference; fileEncoding = 4; lastKnownFileType = sourcecode.swift; path = IORef.swift; sourceTree = "<group>"; };
		844FCCC6198EFB4700EB242A /* Rose.swift */ = {isa = PBXFileReference; fileEncoding = 4; lastKnownFileType = sourcecode.swift; path = Rose.swift; sourceTree = "<group>"; };
		844FCCC8198EFF9B00EB242A /* SimpleSpec.swift */ = {isa = PBXFileReference; fileEncoding = 4; lastKnownFileType = sourcecode.swift; path = SimpleSpec.swift; sourceTree = "<group>"; };
		844FCCCE198F24CF00EB242A /* Combinators.swift */ = {isa = PBXFileReference; fileEncoding = 4; lastKnownFileType = sourcecode.swift; path = Combinators.swift; sourceTree = "<group>"; };
		8478A381198F2F1C00033523 /* Copointed.swift */ = {isa = PBXFileReference; fileEncoding = 4; lastKnownFileType = sourcecode.swift; path = Copointed.swift; sourceTree = "<group>"; };
		8478A383198F2F4A00033523 /* Comonad.swift */ = {isa = PBXFileReference; fileEncoding = 4; lastKnownFileType = sourcecode.swift; path = Comonad.swift; sourceTree = "<group>"; };
		847E498019971693001975E5 /* Box.swift */ = {isa = PBXFileReference; fileEncoding = 4; lastKnownFileType = sourcecode.swift; path = Box.swift; sourceTree = "<group>"; };
		84AB429219AD8D93000B345C /* BelieveMe.swift */ = {isa = PBXFileReference; fileEncoding = 4; lastKnownFileType = sourcecode.swift; path = BelieveMe.swift; sourceTree = "<group>"; };
		84B7975D19A5511200BB1852 /* STRef.swift */ = {isa = PBXFileReference; fileEncoding = 4; lastKnownFileType = sourcecode.swift; path = STRef.swift; sourceTree = "<group>"; };
/* End PBXFileReference section */

/* Begin PBXFrameworksBuildPhase section */
		844FCC89198B320500EB242A /* Frameworks */ = {
			isa = PBXFrameworksBuildPhase;
			buildActionMask = 2147483647;
			files = (
			);
			runOnlyForDeploymentPostprocessing = 0;
		};
		844FCC95198B320500EB242A /* Frameworks */ = {
			isa = PBXFrameworksBuildPhase;
			buildActionMask = 2147483647;
			files = (
				844FCC99198B320500EB242A /* SwiftCheck.framework in Frameworks */,
			);
			runOnlyForDeploymentPostprocessing = 0;
		};
/* End PBXFrameworksBuildPhase section */

/* Begin PBXGroup section */
		844FCC83198B320500EB242A = {
			isa = PBXGroup;
			children = (
				844FCC8F198B320500EB242A /* SwiftCheck */,
				844FCC9C198B320500EB242A /* SwiftCheckTests */,
				844FCC8E198B320500EB242A /* Products */,
			);
			sourceTree = "<group>";
		};
		844FCC8E198B320500EB242A /* Products */ = {
			isa = PBXGroup;
			children = (
				844FCC8D198B320500EB242A /* SwiftCheck.framework */,
				844FCC98198B320500EB242A /* SwiftCheckTests.xctest */,
			);
			name = Products;
			sourceTree = "<group>";
		};
		844FCC8F198B320500EB242A /* SwiftCheck */ = {
			isa = PBXGroup;
			children = (
				844FCC92198B320500EB242A /* SwiftCheck.h */,
				844FCCAF198B36BE00EB242A /* Test.swift */,
				844FCCA9198B323800EB242A /* Arbitrary.swift */,
				844FCCAB198B32DC00EB242A /* Gen.swift */,
				844FCCCE198F24CF00EB242A /* Combinators.swift */,
				843DF9AE19A8524D00BDFDB1 /* Witness.swift */,
				844FCCAD198B367000EB242A /* Property.swift */,
				844FCCC6198EFB4700EB242A /* Rose.swift */,
				844FCCB3198B39F300EB242A /* State.swift */,
				84AB429219AD8D93000B345C /* BelieveMe.swift */,
				844FCCCD198F23C900EB242A /* System */,
				844FCCCC198F23A900EB242A /* Data */,
				844FCCBF198DC36500EB242A /* Control */,
				844FCC90198B320500EB242A /* Supporting Files */,
			);
			path = SwiftCheck;
			sourceTree = "<group>";
		};
		844FCC90198B320500EB242A /* Supporting Files */ = {
			isa = PBXGroup;
			children = (
				844FCC91198B320500EB242A /* Info.plist */,
			);
			name = "Supporting Files";
			sourceTree = "<group>";
		};
		844FCC9C198B320500EB242A /* SwiftCheckTests */ = {
			isa = PBXGroup;
			children = (
				844FCC9F198B320500EB242A /* SwiftCheckTests.swift */,
				844FCCC8198EFF9B00EB242A /* SimpleSpec.swift */,
				844FCC9D198B320500EB242A /* Supporting Files */,
			);
			path = SwiftCheckTests;
			sourceTree = "<group>";
		};
		844FCC9D198B320500EB242A /* Supporting Files */ = {
			isa = PBXGroup;
			children = (
				844FCC9E198B320500EB242A /* Info.plist */,
			);
			name = "Supporting Files";
			sourceTree = "<group>";
		};
		844FCCBF198DC36500EB242A /* Control */ = {
			isa = PBXGroup;
			children = (
				844FCCB5198B3C0A00EB242A /* Functor.swift */,
				844FCCB9198B3DC800EB242A /* Applicative.swift */,
				844FCCB7198B3DB500EB242A /* Monad.swift */,
				8478A381198F2F1C00033523 /* Copointed.swift */,
				8478A383198F2F4A00033523 /* Comonad.swift */,
			);
			name = Control;
			sourceTree = "<group>";
		};
		844FCCCC198F23A900EB242A /* Data */ = {
			isa = PBXGroup;
			children = (
				844FCCC0198EB4CA00EB242A /* Array.swift */,
				847E498019971693001975E5 /* Box.swift */,
				844FCCB1198B375300EB242A /* Maybe.swift */,
			);
			name = Data;
			sourceTree = "<group>";
		};
		844FCCCD198F23C900EB242A /* System */ = {
			isa = PBXGroup;
			children = (
				844FCCBB198B405000EB242A /* IO.swift */,
				844FCCBD198D9F9B00EB242A /* ST.swift */,
				84B7975D19A5511200BB1852 /* STRef.swift */,
				844FCCC4198ECC4D00EB242A /* IORef.swift */,
				844FCCC2198EC4F000EB242A /* Random.swift */,
			);
			name = System;
			sourceTree = "<group>";
		};
/* End PBXGroup section */

/* Begin PBXHeadersBuildPhase section */
		844FCC8A198B320500EB242A /* Headers */ = {
			isa = PBXHeadersBuildPhase;
			buildActionMask = 2147483647;
			files = (
				844FCC93198B320500EB242A /* SwiftCheck.h in Headers */,
			);
			runOnlyForDeploymentPostprocessing = 0;
		};
/* End PBXHeadersBuildPhase section */

/* Begin PBXNativeTarget section */
		844FCC8C198B320500EB242A /* SwiftCheck */ = {
			isa = PBXNativeTarget;
			buildConfigurationList = 844FCCA3198B320500EB242A /* Build configuration list for PBXNativeTarget "SwiftCheck" */;
			buildPhases = (
				844FCC88198B320500EB242A /* Sources */,
				844FCC89198B320500EB242A /* Frameworks */,
				844FCC8A198B320500EB242A /* Headers */,
				844FCC8B198B320500EB242A /* Resources */,
			);
			buildRules = (
			);
			dependencies = (
			);
			name = SwiftCheck;
			productName = SwiftCheck;
			productReference = 844FCC8D198B320500EB242A /* SwiftCheck.framework */;
			productType = "com.apple.product-type.framework";
		};
		844FCC97198B320500EB242A /* SwiftCheckTests */ = {
			isa = PBXNativeTarget;
			buildConfigurationList = 844FCCA6198B320500EB242A /* Build configuration list for PBXNativeTarget "SwiftCheckTests" */;
			buildPhases = (
				844FCC94198B320500EB242A /* Sources */,
				844FCC95198B320500EB242A /* Frameworks */,
				844FCC96198B320500EB242A /* Resources */,
			);
			buildRules = (
			);
			dependencies = (
				844FCC9B198B320500EB242A /* PBXTargetDependency */,
			);
			name = SwiftCheckTests;
			productName = SwiftCheckTests;
			productReference = 844FCC98198B320500EB242A /* SwiftCheckTests.xctest */;
			productType = "com.apple.product-type.bundle.unit-test";
		};
/* End PBXNativeTarget section */

/* Begin PBXProject section */
		844FCC84198B320500EB242A /* Project object */ = {
			isa = PBXProject;
			attributes = {
				LastUpgradeCheck = 0600;
				ORGANIZATIONNAME = "Robert Widmann";
				TargetAttributes = {
					844FCC8C198B320500EB242A = {
						CreatedOnToolsVersion = 6.0;
					};
					844FCC97198B320500EB242A = {
						CreatedOnToolsVersion = 6.0;
						TestTargetID = 844FCC8C198B320500EB242A;
					};
				};
			};
			buildConfigurationList = 844FCC87198B320500EB242A /* Build configuration list for PBXProject "SwiftCheck" */;
			compatibilityVersion = "Xcode 3.2";
			developmentRegion = English;
			hasScannedForEncodings = 0;
			knownRegions = (
				en,
			);
			mainGroup = 844FCC83198B320500EB242A;
			productRefGroup = 844FCC8E198B320500EB242A /* Products */;
			projectDirPath = "";
			projectRoot = "";
			targets = (
				844FCC8C198B320500EB242A /* SwiftCheck */,
				844FCC97198B320500EB242A /* SwiftCheckTests */,
			);
		};
/* End PBXProject section */

/* Begin PBXResourcesBuildPhase section */
		844FCC8B198B320500EB242A /* Resources */ = {
			isa = PBXResourcesBuildPhase;
			buildActionMask = 2147483647;
			files = (
			);
			runOnlyForDeploymentPostprocessing = 0;
		};
		844FCC96198B320500EB242A /* Resources */ = {
			isa = PBXResourcesBuildPhase;
			buildActionMask = 2147483647;
			files = (
			);
			runOnlyForDeploymentPostprocessing = 0;
		};
/* End PBXResourcesBuildPhase section */

/* Begin PBXSourcesBuildPhase section */
		844FCC88198B320500EB242A /* Sources */ = {
			isa = PBXSourcesBuildPhase;
			buildActionMask = 2147483647;
			files = (
				844FCCAE198B367000EB242A /* Property.swift in Sources */,
				844FCCB0198B36BE00EB242A /* Test.swift in Sources */,
				844FCCC3198EC4F000EB242A /* Random.swift in Sources */,
				8478A382198F2F1C00033523 /* Copointed.swift in Sources */,
				844FCCB2198B375300EB242A /* Maybe.swift in Sources */,
				844FCCBE198D9F9B00EB242A /* ST.swift in Sources */,
				844FCCC5198ECC4D00EB242A /* IORef.swift in Sources */,
				844FCCBC198B405000EB242A /* IO.swift in Sources */,
				844FCCAC198B32DC00EB242A /* Gen.swift in Sources */,
				847E498119971693001975E5 /* Box.swift in Sources */,
				84B7975E19A5511200BB1852 /* STRef.swift in Sources */,
				844FCCBA198B3DC800EB242A /* Applicative.swift in Sources */,
				8478A384198F2F4A00033523 /* Comonad.swift in Sources */,
				844FCCAA198B323800EB242A /* Arbitrary.swift in Sources */,
				843DF9AF19A8524D00BDFDB1 /* Witness.swift in Sources */,
				844FCCB8198B3DB500EB242A /* Monad.swift in Sources */,
				84AB429319AD8D93000B345C /* BelieveMe.swift in Sources */,
				844FCCC1198EB4CA00EB242A /* Array.swift in Sources */,
				844FCCB6198B3C0A00EB242A /* Functor.swift in Sources */,
				844FCCB4198B39F300EB242A /* State.swift in Sources */,
				844FCCCF198F24CF00EB242A /* Combinators.swift in Sources */,
				844FCCC7198EFB4700EB242A /* Rose.swift in Sources */,
			);
			runOnlyForDeploymentPostprocessing = 0;
		};
		844FCC94198B320500EB242A /* Sources */ = {
			isa = PBXSourcesBuildPhase;
			buildActionMask = 2147483647;
			files = (
				844FCCC9198EFF9B00EB242A /* SimpleSpec.swift in Sources */,
				844FCCA0198B320500EB242A /* SwiftCheckTests.swift in Sources */,
			);
			runOnlyForDeploymentPostprocessing = 0;
		};
/* End PBXSourcesBuildPhase section */

/* Begin PBXTargetDependency section */
		844FCC9B198B320500EB242A /* PBXTargetDependency */ = {
			isa = PBXTargetDependency;
			target = 844FCC8C198B320500EB242A /* SwiftCheck */;
			targetProxy = 844FCC9A198B320500EB242A /* PBXContainerItemProxy */;
		};
/* End PBXTargetDependency section */

/* Begin XCBuildConfiguration section */
		844FCCA1198B320500EB242A /* Debug */ = {
			isa = XCBuildConfiguration;
			buildSettings = {
				ALWAYS_SEARCH_USER_PATHS = NO;
				CLANG_CXX_LANGUAGE_STANDARD = "gnu++0x";
				CLANG_CXX_LIBRARY = "libc++";
				CLANG_ENABLE_MODULES = YES;
				CLANG_ENABLE_OBJC_ARC = YES;
				CLANG_WARN_BOOL_CONVERSION = YES;
				CLANG_WARN_CONSTANT_CONVERSION = YES;
				CLANG_WARN_DIRECT_OBJC_ISA_USAGE = YES_ERROR;
				CLANG_WARN_EMPTY_BODY = YES;
				CLANG_WARN_ENUM_CONVERSION = YES;
				CLANG_WARN_INT_CONVERSION = YES;
				CLANG_WARN_OBJC_ROOT_CLASS = YES_ERROR;
				CLANG_WARN_UNREACHABLE_CODE = YES;
				CLANG_WARN__DUPLICATE_METHOD_MATCH = YES;
				COPY_PHASE_STRIP = NO;
				CURRENT_PROJECT_VERSION = 1;
				ENABLE_STRICT_OBJC_MSGSEND = YES;
				GCC_C_LANGUAGE_STANDARD = gnu99;
				GCC_DYNAMIC_NO_PIC = NO;
				GCC_OPTIMIZATION_LEVEL = 0;
				GCC_PREPROCESSOR_DEFINITIONS = (
					"DEBUG=1",
					"$(inherited)",
				);
				GCC_SYMBOLS_PRIVATE_EXTERN = NO;
				GCC_WARN_64_TO_32_BIT_CONVERSION = YES;
				GCC_WARN_ABOUT_RETURN_TYPE = YES_ERROR;
				GCC_WARN_UNDECLARED_SELECTOR = YES;
				GCC_WARN_UNINITIALIZED_AUTOS = YES_AGGRESSIVE;
				GCC_WARN_UNUSED_FUNCTION = YES;
				GCC_WARN_UNUSED_VARIABLE = YES;
				MACOSX_DEPLOYMENT_TARGET = 10.9;
				MTL_ENABLE_DEBUG_INFO = YES;
				ONLY_ACTIVE_ARCH = YES;
				SDKROOT = macosx;
				SWIFT_OPTIMIZATION_LEVEL = "-Onone";
				VERSIONING_SYSTEM = "apple-generic";
				VERSION_INFO_PREFIX = "";
			};
			name = Debug;
		};
		844FCCA2198B320500EB242A /* Release */ = {
			isa = XCBuildConfiguration;
			buildSettings = {
				ALWAYS_SEARCH_USER_PATHS = NO;
				CLANG_CXX_LANGUAGE_STANDARD = "gnu++0x";
				CLANG_CXX_LIBRARY = "libc++";
				CLANG_ENABLE_MODULES = YES;
				CLANG_ENABLE_OBJC_ARC = YES;
				CLANG_WARN_BOOL_CONVERSION = YES;
				CLANG_WARN_CONSTANT_CONVERSION = YES;
				CLANG_WARN_DIRECT_OBJC_ISA_USAGE = YES_ERROR;
				CLANG_WARN_EMPTY_BODY = YES;
				CLANG_WARN_ENUM_CONVERSION = YES;
				CLANG_WARN_INT_CONVERSION = YES;
				CLANG_WARN_OBJC_ROOT_CLASS = YES_ERROR;
				CLANG_WARN_UNREACHABLE_CODE = YES;
				CLANG_WARN__DUPLICATE_METHOD_MATCH = YES;
				COPY_PHASE_STRIP = YES;
				CURRENT_PROJECT_VERSION = 1;
				DEBUG_INFORMATION_FORMAT = "dwarf-with-dsym";
				ENABLE_NS_ASSERTIONS = NO;
				ENABLE_STRICT_OBJC_MSGSEND = YES;
				GCC_C_LANGUAGE_STANDARD = gnu99;
				GCC_WARN_64_TO_32_BIT_CONVERSION = YES;
				GCC_WARN_ABOUT_RETURN_TYPE = YES_ERROR;
				GCC_WARN_UNDECLARED_SELECTOR = YES;
				GCC_WARN_UNINITIALIZED_AUTOS = YES_AGGRESSIVE;
				GCC_WARN_UNUSED_FUNCTION = YES;
				GCC_WARN_UNUSED_VARIABLE = YES;
				MACOSX_DEPLOYMENT_TARGET = 10.9;
				MTL_ENABLE_DEBUG_INFO = NO;
				SDKROOT = macosx;
				VERSIONING_SYSTEM = "apple-generic";
				VERSION_INFO_PREFIX = "";
			};
			name = Release;
		};
		844FCCA4198B320500EB242A /* Debug */ = {
			isa = XCBuildConfiguration;
			buildSettings = {
				CLANG_ENABLE_MODULES = YES;
				COMBINE_HIDPI_IMAGES = YES;
				DEFINES_MODULE = YES;
				DYLIB_COMPATIBILITY_VERSION = 1;
				DYLIB_CURRENT_VERSION = 1;
				DYLIB_INSTALL_NAME_BASE = "@rpath";
				FRAMEWORK_VERSION = A;
				INFOPLIST_FILE = SwiftCheck/Info.plist;
				INSTALL_PATH = "$(LOCAL_LIBRARY_DIR)/Frameworks";
				LD_RUNPATH_SEARCH_PATHS = "$(inherited) @executable_path/../Frameworks @loader_path/Frameworks";
				PRODUCT_NAME = "$(TARGET_NAME)";
				SKIP_INSTALL = YES;
				SWIFT_OPTIMIZATION_LEVEL = "-Onone";
			};
			name = Debug;
		};
		844FCCA5198B320500EB242A /* Release */ = {
			isa = XCBuildConfiguration;
			buildSettings = {
				CLANG_ENABLE_MODULES = YES;
				COMBINE_HIDPI_IMAGES = YES;
				DEFINES_MODULE = YES;
				DYLIB_COMPATIBILITY_VERSION = 1;
				DYLIB_CURRENT_VERSION = 1;
				DYLIB_INSTALL_NAME_BASE = "@rpath";
				FRAMEWORK_VERSION = A;
				INFOPLIST_FILE = SwiftCheck/Info.plist;
				INSTALL_PATH = "$(LOCAL_LIBRARY_DIR)/Frameworks";
				LD_RUNPATH_SEARCH_PATHS = "$(inherited) @executable_path/../Frameworks @loader_path/Frameworks";
				PRODUCT_NAME = "$(TARGET_NAME)";
				SKIP_INSTALL = YES;
			};
			name = Release;
		};
		844FCCA7198B320500EB242A /* Debug */ = {
			isa = XCBuildConfiguration;
			buildSettings = {
				COMBINE_HIDPI_IMAGES = YES;
				FRAMEWORK_SEARCH_PATHS = (
					"$(DEVELOPER_FRAMEWORKS_DIR)",
					"$(inherited)",
				);
				GCC_PREPROCESSOR_DEFINITIONS = (
					"DEBUG=1",
					"$(inherited)",
				);
				INFOPLIST_FILE = SwiftCheckTests/Info.plist;
				LD_RUNPATH_SEARCH_PATHS = "$(inherited) @executable_path/../Frameworks @loader_path/../Frameworks";
				PRODUCT_NAME = "$(TARGET_NAME)";
			};
			name = Debug;
		};
		844FCCA8198B320500EB242A /* Release */ = {
			isa = XCBuildConfiguration;
			buildSettings = {
				COMBINE_HIDPI_IMAGES = YES;
				FRAMEWORK_SEARCH_PATHS = (
					"$(DEVELOPER_FRAMEWORKS_DIR)",
					"$(inherited)",
				);
				INFOPLIST_FILE = SwiftCheckTests/Info.plist;
				LD_RUNPATH_SEARCH_PATHS = "$(inherited) @executable_path/../Frameworks @loader_path/../Frameworks";
				PRODUCT_NAME = "$(TARGET_NAME)";
			};
			name = Release;
		};
/* End XCBuildConfiguration section */

/* Begin XCConfigurationList section */
		844FCC87198B320500EB242A /* Build configuration list for PBXProject "SwiftCheck" */ = {
			isa = XCConfigurationList;
			buildConfigurations = (
				844FCCA1198B320500EB242A /* Debug */,
				844FCCA2198B320500EB242A /* Release */,
			);
			defaultConfigurationIsVisible = 0;
			defaultConfigurationName = Release;
		};
		844FCCA3198B320500EB242A /* Build configuration list for PBXNativeTarget "SwiftCheck" */ = {
			isa = XCConfigurationList;
			buildConfigurations = (
				844FCCA4198B320500EB242A /* Debug */,
				844FCCA5198B320500EB242A /* Release */,
			);
			defaultConfigurationIsVisible = 0;
			defaultConfigurationName = Release;
		};
		844FCCA6198B320500EB242A /* Build configuration list for PBXNativeTarget "SwiftCheckTests" */ = {
			isa = XCConfigurationList;
			buildConfigurations = (
				844FCCA7198B320500EB242A /* Debug */,
				844FCCA8198B320500EB242A /* Release */,
			);
			defaultConfigurationIsVisible = 0;
			defaultConfigurationName = Release;
		};
/* End XCConfigurationList section */
	};
	rootObject = 844FCC84198B320500EB242A /* Project object */;
}
